# THIS IS AN AUTOGENERATED FILE. DO NOT EDIT THIS FILE DIRECTLY.
# yarn lockfile v1


"@aws-crypto/ie11-detection@^2.0.0":
  version "2.0.0"
  resolved "https://registry.yarnpkg.com/@aws-crypto/ie11-detection/-/ie11-detection-2.0.0.tgz#bb6c2facf8f03457e949dcf0921477397ffa4c6e"
  integrity sha512-pkVXf/dq6PITJ0jzYZ69VhL8VFOFoPZLZqtU/12SGnzYuJOOGNfF41q9GxdI1yqC8R13Rq3jOLKDFpUJFT5eTA==
  dependencies:
    tslib "^1.11.1"

"@aws-crypto/sha256-browser@2.0.0":
  version "2.0.0"
  resolved "https://registry.yarnpkg.com/@aws-crypto/sha256-browser/-/sha256-browser-2.0.0.tgz#741c9024df55ec59b51e5b1f5d806a4852699fb5"
  integrity sha512-rYXOQ8BFOaqMEHJrLHul/25ckWH6GTJtdLSajhlqGMx0PmSueAuvboCuZCTqEKlxR8CQOwRarxYMZZSYlhRA1A==
  dependencies:
    "@aws-crypto/ie11-detection" "^2.0.0"
    "@aws-crypto/sha256-js" "^2.0.0"
    "@aws-crypto/supports-web-crypto" "^2.0.0"
    "@aws-crypto/util" "^2.0.0"
    "@aws-sdk/types" "^3.1.0"
    "@aws-sdk/util-locate-window" "^3.0.0"
    "@aws-sdk/util-utf8-browser" "^3.0.0"
    tslib "^1.11.1"

"@aws-crypto/sha256-js@2.0.0":
  version "2.0.0"
  resolved "https://registry.yarnpkg.com/@aws-crypto/sha256-js/-/sha256-js-2.0.0.tgz#f1f936039bdebd0b9e2dd834d65afdc2aac4efcb"
  integrity sha512-VZY+mCY4Nmrs5WGfitmNqXzaE873fcIZDu54cbaDaaamsaTOP1DBImV9F4pICc3EHjQXujyE8jig+PFCaew9ig==
  dependencies:
    "@aws-crypto/util" "^2.0.0"
    "@aws-sdk/types" "^3.1.0"
    tslib "^1.11.1"

"@aws-crypto/sha256-js@^2.0.0":
  version "2.0.1"
  resolved "https://registry.yarnpkg.com/@aws-crypto/sha256-js/-/sha256-js-2.0.1.tgz#79e1e6cf61f652ef2089c08d471c722ecf1626a9"
  integrity sha512-mbHTBSPBvg6o/mN/c18Z/zifM05eJrapj5ggoOIeHIWckvkv5VgGi7r/wYpt+QAO2ySKXLNvH2d8L7bne4xrMQ==
  dependencies:
    "@aws-crypto/util" "^2.0.1"
    "@aws-sdk/types" "^3.1.0"
    tslib "^1.11.1"

"@aws-crypto/supports-web-crypto@^2.0.0":
  version "2.0.0"
  resolved "https://registry.yarnpkg.com/@aws-crypto/supports-web-crypto/-/supports-web-crypto-2.0.0.tgz#fd6cde30b88f77d5a4f57b2c37c560d918014f9e"
  integrity sha512-Ge7WQ3E0OC7FHYprsZV3h0QIcpdyJLvIeg+uTuHqRYm8D6qCFJoiC+edSzSyFiHtZf+NOQDJ1q46qxjtzIY2nA==
  dependencies:
    tslib "^1.11.1"

"@aws-crypto/util@^2.0.0", "@aws-crypto/util@^2.0.1":
  version "2.0.1"
  resolved "https://registry.yarnpkg.com/@aws-crypto/util/-/util-2.0.1.tgz#976cf619cf85084ca85ec5eb947a6ac6b8b5c98c"
  integrity sha512-JJmFFwvbm08lULw4Nm5QOLg8+lAQeC8aCXK5xrtxntYzYXCGfHwUJ4Is3770Q7HmICsXthGQ+ZsDL7C2uH3yBQ==
  dependencies:
    "@aws-sdk/types" "^3.1.0"
    "@aws-sdk/util-utf8-browser" "^3.0.0"
    tslib "^1.11.1"

"@aws-sdk/abort-controller@3.55.0":
  version "3.55.0"
  resolved "https://registry.yarnpkg.com/@aws-sdk/abort-controller/-/abort-controller-3.55.0.tgz#779f487cceab7804f2d542925a1918fbe91b42ac"
  integrity sha512-rCcTxJDEFnmvo/PgbhCRv24/Uv03lEGfRslKZq7SjaMcOubflS/ZXYaMEgsjYHgAT0zlpSsyCIkJXmhFaM7H7w==
  dependencies:
    "@aws-sdk/types" "3.55.0"
    tslib "^2.3.1"

"@aws-sdk/client-lambda@^3.51.0":
  version "3.58.0"
  resolved "https://registry.yarnpkg.com/@aws-sdk/client-lambda/-/client-lambda-3.58.0.tgz#a0ea140dcada4603a2975eb013c597ea81cf5e17"
  integrity sha512-Ry+29p/0LKCcjw7FZvon7TnhUi0dYSN0882oCX3e1VrAdsRDZ4ek1RHILIkJ6c7S0Yfuoqkv2R1YMyvHmjZT0Q==
  dependencies:
    "@aws-crypto/sha256-browser" "2.0.0"
    "@aws-crypto/sha256-js" "2.0.0"
    "@aws-sdk/client-sts" "3.58.0"
    "@aws-sdk/config-resolver" "3.58.0"
    "@aws-sdk/credential-provider-node" "3.58.0"
    "@aws-sdk/fetch-http-handler" "3.58.0"
    "@aws-sdk/hash-node" "3.55.0"
    "@aws-sdk/invalid-dependency" "3.55.0"
    "@aws-sdk/middleware-content-length" "3.58.0"
    "@aws-sdk/middleware-host-header" "3.58.0"
    "@aws-sdk/middleware-logger" "3.55.0"
    "@aws-sdk/middleware-retry" "3.58.0"
    "@aws-sdk/middleware-serde" "3.55.0"
    "@aws-sdk/middleware-signing" "3.58.0"
    "@aws-sdk/middleware-stack" "3.55.0"
    "@aws-sdk/middleware-user-agent" "3.58.0"
    "@aws-sdk/node-config-provider" "3.58.0"
    "@aws-sdk/node-http-handler" "3.58.0"
    "@aws-sdk/protocol-http" "3.58.0"
    "@aws-sdk/smithy-client" "3.55.0"
    "@aws-sdk/types" "3.55.0"
    "@aws-sdk/url-parser" "3.55.0"
    "@aws-sdk/util-base64-browser" "3.58.0"
    "@aws-sdk/util-base64-node" "3.55.0"
    "@aws-sdk/util-body-length-browser" "3.55.0"
    "@aws-sdk/util-body-length-node" "3.55.0"
    "@aws-sdk/util-defaults-mode-browser" "3.55.0"
    "@aws-sdk/util-defaults-mode-node" "3.58.0"
    "@aws-sdk/util-user-agent-browser" "3.58.0"
    "@aws-sdk/util-user-agent-node" "3.58.0"
    "@aws-sdk/util-utf8-browser" "3.55.0"
    "@aws-sdk/util-utf8-node" "3.55.0"
    "@aws-sdk/util-waiter" "3.55.0"
    tslib "^2.3.1"

"@aws-sdk/client-sso@3.58.0":
  version "3.58.0"
  resolved "https://registry.yarnpkg.com/@aws-sdk/client-sso/-/client-sso-3.58.0.tgz#0cc5152cf1246ddc726016aa8964c39237e2ad78"
  integrity sha512-nS5G/OX8Bg4ajBa6+jLcbbr4PpEO+l5eJfGUzoJQwS4Zqa0lF/wC0kyjKm61gLp4JuvhrQskxIC/3IXUqB1XVQ==
  dependencies:
    "@aws-crypto/sha256-browser" "2.0.0"
    "@aws-crypto/sha256-js" "2.0.0"
    "@aws-sdk/config-resolver" "3.58.0"
    "@aws-sdk/fetch-http-handler" "3.58.0"
    "@aws-sdk/hash-node" "3.55.0"
    "@aws-sdk/invalid-dependency" "3.55.0"
    "@aws-sdk/middleware-content-length" "3.58.0"
    "@aws-sdk/middleware-host-header" "3.58.0"
    "@aws-sdk/middleware-logger" "3.55.0"
    "@aws-sdk/middleware-retry" "3.58.0"
    "@aws-sdk/middleware-serde" "3.55.0"
    "@aws-sdk/middleware-stack" "3.55.0"
    "@aws-sdk/middleware-user-agent" "3.58.0"
    "@aws-sdk/node-config-provider" "3.58.0"
    "@aws-sdk/node-http-handler" "3.58.0"
    "@aws-sdk/protocol-http" "3.58.0"
    "@aws-sdk/smithy-client" "3.55.0"
    "@aws-sdk/types" "3.55.0"
    "@aws-sdk/url-parser" "3.55.0"
    "@aws-sdk/util-base64-browser" "3.58.0"
    "@aws-sdk/util-base64-node" "3.55.0"
    "@aws-sdk/util-body-length-browser" "3.55.0"
    "@aws-sdk/util-body-length-node" "3.55.0"
    "@aws-sdk/util-defaults-mode-browser" "3.55.0"
    "@aws-sdk/util-defaults-mode-node" "3.58.0"
    "@aws-sdk/util-user-agent-browser" "3.58.0"
    "@aws-sdk/util-user-agent-node" "3.58.0"
    "@aws-sdk/util-utf8-browser" "3.55.0"
    "@aws-sdk/util-utf8-node" "3.55.0"
    tslib "^2.3.1"

"@aws-sdk/client-sts@3.58.0":
  version "3.58.0"
  resolved "https://registry.yarnpkg.com/@aws-sdk/client-sts/-/client-sts-3.58.0.tgz#31d03eecccac63bd572b252b53c64338f742fe99"
  integrity sha512-2cHZsG2eXv/Zl0hvsG9+rdHEuAclMFfkma/3LC3RRwSuZXo1rXoIhFkzHfGfIbivdk738YAo7FT3ZYGlrsK4ow==
  dependencies:
    "@aws-crypto/sha256-browser" "2.0.0"
    "@aws-crypto/sha256-js" "2.0.0"
    "@aws-sdk/config-resolver" "3.58.0"
    "@aws-sdk/credential-provider-node" "3.58.0"
    "@aws-sdk/fetch-http-handler" "3.58.0"
    "@aws-sdk/hash-node" "3.55.0"
    "@aws-sdk/invalid-dependency" "3.55.0"
    "@aws-sdk/middleware-content-length" "3.58.0"
    "@aws-sdk/middleware-host-header" "3.58.0"
    "@aws-sdk/middleware-logger" "3.55.0"
    "@aws-sdk/middleware-retry" "3.58.0"
    "@aws-sdk/middleware-sdk-sts" "3.58.0"
    "@aws-sdk/middleware-serde" "3.55.0"
    "@aws-sdk/middleware-signing" "3.58.0"
    "@aws-sdk/middleware-stack" "3.55.0"
    "@aws-sdk/middleware-user-agent" "3.58.0"
    "@aws-sdk/node-config-provider" "3.58.0"
    "@aws-sdk/node-http-handler" "3.58.0"
    "@aws-sdk/protocol-http" "3.58.0"
    "@aws-sdk/smithy-client" "3.55.0"
    "@aws-sdk/types" "3.55.0"
    "@aws-sdk/url-parser" "3.55.0"
    "@aws-sdk/util-base64-browser" "3.58.0"
    "@aws-sdk/util-base64-node" "3.55.0"
    "@aws-sdk/util-body-length-browser" "3.55.0"
    "@aws-sdk/util-body-length-node" "3.55.0"
    "@aws-sdk/util-defaults-mode-browser" "3.55.0"
    "@aws-sdk/util-defaults-mode-node" "3.58.0"
    "@aws-sdk/util-user-agent-browser" "3.58.0"
    "@aws-sdk/util-user-agent-node" "3.58.0"
    "@aws-sdk/util-utf8-browser" "3.55.0"
    "@aws-sdk/util-utf8-node" "3.55.0"
    entities "2.2.0"
    fast-xml-parser "3.19.0"
    tslib "^2.3.1"

"@aws-sdk/config-resolver@3.58.0":
  version "3.58.0"
  resolved "https://registry.yarnpkg.com/@aws-sdk/config-resolver/-/config-resolver-3.58.0.tgz#c990541276ecdc76acf25f68f58cdb0d0d7eb07e"
  integrity sha512-NXEwYw0JrXcvenu42QpNMQXK+6pgZ+6bDGfCgOfCC0FmyI+w/CuF36lApwm7InHvHazOaDlwArXm2pfntErKoA==
  dependencies:
    "@aws-sdk/signature-v4" "3.58.0"
    "@aws-sdk/types" "3.55.0"
    "@aws-sdk/util-config-provider" "3.55.0"
    "@aws-sdk/util-middleware" "3.55.0"
    tslib "^2.3.1"

"@aws-sdk/credential-provider-env@3.55.0":
  version "3.55.0"
  resolved "https://registry.yarnpkg.com/@aws-sdk/credential-provider-env/-/credential-provider-env-3.55.0.tgz#5a1f5ddff54ea3f58f4a1a824b5b19a1f3618fc6"
  integrity sha512-4AIIXEdvinLlWNFtrUbUgoB7dkuV04RTcTruVWI4Ub4WSsuSCa72ZU1vqyvcEAOgGGLBmcSaGTWByjiD2sGcGA==
  dependencies:
    "@aws-sdk/property-provider" "3.55.0"
    "@aws-sdk/types" "3.55.0"
    tslib "^2.3.1"

"@aws-sdk/credential-provider-imds@3.58.0":
  version "3.58.0"
  resolved "https://registry.yarnpkg.com/@aws-sdk/credential-provider-imds/-/credential-provider-imds-3.58.0.tgz#89d3963895f5e6150b74b5ba2010158d8576b95e"
  integrity sha512-CdtnTQ9zqLx1FbXdbgjijLbMcIWOyQM03TFaLSCjI3FNbUwyt3T7StBU9tj/LtbypHhSdXyQBpzUtXTOMWCEhg==
  dependencies:
    "@aws-sdk/node-config-provider" "3.58.0"
    "@aws-sdk/property-provider" "3.55.0"
    "@aws-sdk/types" "3.55.0"
    "@aws-sdk/url-parser" "3.55.0"
    tslib "^2.3.1"

"@aws-sdk/credential-provider-ini@3.58.0":
  version "3.58.0"
  resolved "https://registry.yarnpkg.com/@aws-sdk/credential-provider-ini/-/credential-provider-ini-3.58.0.tgz#16144b8a821766550fce4f96040c5e4ed115e77c"
  integrity sha512-uM62hcHUVaHP1YFnbrjf2RlrRj1m/BvMPE+T5jdNRWdE3lvnunhEMawB26HZs9nQqCV6d25I8G9/fGWVL7g3Og==
  dependencies:
    "@aws-sdk/credential-provider-env" "3.55.0"
    "@aws-sdk/credential-provider-imds" "3.58.0"
    "@aws-sdk/credential-provider-sso" "3.58.0"
    "@aws-sdk/credential-provider-web-identity" "3.55.0"
    "@aws-sdk/property-provider" "3.55.0"
    "@aws-sdk/shared-ini-file-loader" "3.58.0"
    "@aws-sdk/types" "3.55.0"
    tslib "^2.3.1"

"@aws-sdk/credential-provider-node@3.58.0":
  version "3.58.0"
  resolved "https://registry.yarnpkg.com/@aws-sdk/credential-provider-node/-/credential-provider-node-3.58.0.tgz#f9816ce2c300edd102c0a43fd28274056452b70e"
  integrity sha512-f0wzcgMYCQUrii6TLP2ggCxkQP4HH8PW8tbbWEgt4cdIXcjE9KEuxN5yOV6sFHzL3eJh0QM9Yaz8WzhWn6fT2A==
  dependencies:
    "@aws-sdk/credential-provider-env" "3.55.0"
    "@aws-sdk/credential-provider-imds" "3.58.0"
    "@aws-sdk/credential-provider-ini" "3.58.0"
    "@aws-sdk/credential-provider-process" "3.58.0"
    "@aws-sdk/credential-provider-sso" "3.58.0"
    "@aws-sdk/credential-provider-web-identity" "3.55.0"
    "@aws-sdk/property-provider" "3.55.0"
    "@aws-sdk/shared-ini-file-loader" "3.58.0"
    "@aws-sdk/types" "3.55.0"
    tslib "^2.3.1"

"@aws-sdk/credential-provider-process@3.58.0":
  version "3.58.0"
  resolved "https://registry.yarnpkg.com/@aws-sdk/credential-provider-process/-/credential-provider-process-3.58.0.tgz#ff6db03266428bb2074e9b32db8021efa1af6570"
  integrity sha512-npgFqPUjMhUamf1FvJjBYUdpbWx8XWkKCwJsX73I7IYQAvAi2atCOkdtKq+4rds0VWAYu6vzlaI1tXgFxjOPNQ==
  dependencies:
    "@aws-sdk/property-provider" "3.55.0"
    "@aws-sdk/shared-ini-file-loader" "3.58.0"
    "@aws-sdk/types" "3.55.0"
    tslib "^2.3.1"

"@aws-sdk/credential-provider-sso@3.58.0":
  version "3.58.0"
  resolved "https://registry.yarnpkg.com/@aws-sdk/credential-provider-sso/-/credential-provider-sso-3.58.0.tgz#cc8bb71c41488e8be855fce7caf0a5dd1da79286"
  integrity sha512-2qO34s9lJqvCC6zOF4UpopW6xURZpYfVC8xTUDpAUnvTOt4nS5hkx4vNyqPAXILoRHuFJsnlWsBH1UP5ZnBiZg==
  dependencies:
    "@aws-sdk/client-sso" "3.58.0"
    "@aws-sdk/property-provider" "3.55.0"
    "@aws-sdk/shared-ini-file-loader" "3.58.0"
    "@aws-sdk/types" "3.55.0"
    tslib "^2.3.1"

"@aws-sdk/credential-provider-web-identity@3.55.0":
  version "3.55.0"
  resolved "https://registry.yarnpkg.com/@aws-sdk/credential-provider-web-identity/-/credential-provider-web-identity-3.55.0.tgz#21aebe5b4ad7a5b4abaf8df9aabfba0994ece357"
  integrity sha512-aKnXfZNGohTuF9rCGYLg4JEIOvWIZ/sb66XMq7bOUrx13KRPDwL/eUQL8quS5jGRLpjXVNvrS17AFf65GbdUBg==
  dependencies:
    "@aws-sdk/property-provider" "3.55.0"
    "@aws-sdk/types" "3.55.0"
    tslib "^2.3.1"

"@aws-sdk/fetch-http-handler@3.58.0":
  version "3.58.0"
  resolved "https://registry.yarnpkg.com/@aws-sdk/fetch-http-handler/-/fetch-http-handler-3.58.0.tgz#5e102283f0e9a29b5d4d5cf42508a79635b3779a"
  integrity sha512-timF3FjPV5Bd+Kgph83LIKVlPCFObVYzious1a6doeLAT6YFwZpRrWbfP/HzS+DCoYiwUsH69oVJ91BoV66oyA==
  dependencies:
    "@aws-sdk/protocol-http" "3.58.0"
    "@aws-sdk/querystring-builder" "3.55.0"
    "@aws-sdk/types" "3.55.0"
    "@aws-sdk/util-base64-browser" "3.58.0"
    tslib "^2.3.1"

"@aws-sdk/hash-node@3.55.0":
  version "3.55.0"
  resolved "https://registry.yarnpkg.com/@aws-sdk/hash-node/-/hash-node-3.55.0.tgz#ea58e9b6f2147c59ad4e41e83bd6864df59b331e"
  integrity sha512-2UdYwY/++AlzWEAFaK9wOed2QSxbzV527vmqKjReLHpPKPrSIlooUxlTH3LU6Y6WVDAzDRtLK43KUVXTLgGK1A==
  dependencies:
    "@aws-sdk/types" "3.55.0"
    "@aws-sdk/util-buffer-from" "3.55.0"
    tslib "^2.3.1"

"@aws-sdk/invalid-dependency@3.55.0":
  version "3.55.0"
  resolved "https://registry.yarnpkg.com/@aws-sdk/invalid-dependency/-/invalid-dependency-3.55.0.tgz#5406c80e4be534700b92b61c21a74efd754c9492"
  integrity sha512-delH0lV+78fdD/8MXIt9kTLS6IwHvdhqq9dw/ow5VjTUw+xBwUlfPfZplaai+3hKTKWh6a2WZCeDasNItBv9aA==
  dependencies:
    "@aws-sdk/types" "3.55.0"
    tslib "^2.3.1"

"@aws-sdk/is-array-buffer@3.55.0":
  version "3.55.0"
  resolved "https://registry.yarnpkg.com/@aws-sdk/is-array-buffer/-/is-array-buffer-3.55.0.tgz#c46122c5636f01d5895e5256a587768c3425ea7a"
  integrity sha512-NbiPHVYuPxdqdFd6FxzzN3H1BQn/iWA3ri3Ry7AyLeP/tGs1yzEWMwf8BN8TSMALI0GXT6Sh0GDWy3Ok5xB6DA==
  dependencies:
    tslib "^2.3.1"

"@aws-sdk/middleware-content-length@3.58.0":
  version "3.58.0"
  resolved "https://registry.yarnpkg.com/@aws-sdk/middleware-content-length/-/middleware-content-length-3.58.0.tgz#9418b8c5f4437c9f5f7860e85c36468e93a302f7"
  integrity sha512-h/BypPkhjv2CpCUbXA8Fa2s7V2GPiz9l11XhYK+sKSuQvQ7Lbq6VhaKaLqfeD3gLVZHgJZSLGl2btdHV1qHNNA==
  dependencies:
    "@aws-sdk/protocol-http" "3.58.0"
    "@aws-sdk/types" "3.55.0"
    tslib "^2.3.1"

"@aws-sdk/middleware-host-header@3.58.0":
  version "3.58.0"
  resolved "https://registry.yarnpkg.com/@aws-sdk/middleware-host-header/-/middleware-host-header-3.58.0.tgz#c7fe87ed16306e328e780bbed282dbf31d605236"
  integrity sha512-q/UKGcanm9e6DBRNN6UKhVqLvpRRdZWbmmPCeDNr4HqhCmgT6i1OvWdhAMOnT++hvCX8DpTsIXzNSlY6zWAxBg==
  dependencies:
    "@aws-sdk/protocol-http" "3.58.0"
    "@aws-sdk/types" "3.55.0"
    tslib "^2.3.1"

"@aws-sdk/middleware-logger@3.55.0":
  version "3.55.0"
  resolved "https://registry.yarnpkg.com/@aws-sdk/middleware-logger/-/middleware-logger-3.55.0.tgz#83adc985a3a98493519384565e0c1a06552b8704"
  integrity sha512-PtRbVrxEzDmeV9prBIP4/9or7R5Dj66mjbFSvNRGZ0n+UBfBFfVRfNrhQPNzQpfV9A3KVl9YyWCVXDSW+/rk9Q==
  dependencies:
    "@aws-sdk/types" "3.55.0"
    tslib "^2.3.1"

"@aws-sdk/middleware-retry@3.58.0":
  version "3.58.0"
  resolved "https://registry.yarnpkg.com/@aws-sdk/middleware-retry/-/middleware-retry-3.58.0.tgz#967518e5b9e55546dcb5de0dfe5784df71807d72"
  integrity sha512-sfSq+t0Yy47DQwrWGpA8iOx9sd26l4l1JDVTwHNi7+OKD4ClRPVCEdw3bTbbyYz/PV4f9AEfAZ6jwtSff4wkGw==
  dependencies:
    "@aws-sdk/protocol-http" "3.58.0"
    "@aws-sdk/service-error-classification" "3.55.0"
    "@aws-sdk/types" "3.55.0"
    "@aws-sdk/util-middleware" "3.55.0"
    tslib "^2.3.1"
    uuid "^8.3.2"

"@aws-sdk/middleware-sdk-sts@3.58.0":
  version "3.58.0"
  resolved "https://registry.yarnpkg.com/@aws-sdk/middleware-sdk-sts/-/middleware-sdk-sts-3.58.0.tgz#5b433a49d2aeb10120805d0f13f6700153d55ec9"
  integrity sha512-HUz7MhcsSDDTGygOwL61l4voc0pZco06J3z06JjTX19D5XxcQ7hSCtkHHHz0oMb9M1himVSiEon2tjhjsnB99g==
  dependencies:
    "@aws-sdk/middleware-signing" "3.58.0"
    "@aws-sdk/property-provider" "3.55.0"
    "@aws-sdk/protocol-http" "3.58.0"
    "@aws-sdk/signature-v4" "3.58.0"
    "@aws-sdk/types" "3.55.0"
    tslib "^2.3.1"

"@aws-sdk/middleware-serde@3.55.0":
  version "3.55.0"
  resolved "https://registry.yarnpkg.com/@aws-sdk/middleware-serde/-/middleware-serde-3.55.0.tgz#326a0696255868a9dfca7c482a616897e9d54fdf"
  integrity sha512-NkEbTDrSZcC2NhuvfjXHKJEl0xgI2B5tMAwi/rMOq/TEnARwVUL9qAy+5lgeiPCqebiNllWatARrFgAaYf0VeA==
  dependencies:
    "@aws-sdk/types" "3.55.0"
    tslib "^2.3.1"

"@aws-sdk/middleware-signing@3.58.0":
  version "3.58.0"
  resolved "https://registry.yarnpkg.com/@aws-sdk/middleware-signing/-/middleware-signing-3.58.0.tgz#996828122526ec5f95e6e898a6573791db4cd5e1"
  integrity sha512-4FXubHB66GbhyZUlo6YPQoWpYfED15GNbEmHbJLSONzrVzZR3IkViSPLasDngVm1a050JqKuqNkFYGJBP4No/Q==
  dependencies:
    "@aws-sdk/property-provider" "3.55.0"
    "@aws-sdk/protocol-http" "3.58.0"
    "@aws-sdk/signature-v4" "3.58.0"
    "@aws-sdk/types" "3.55.0"
    tslib "^2.3.1"

"@aws-sdk/middleware-stack@3.55.0":
  version "3.55.0"
  resolved "https://registry.yarnpkg.com/@aws-sdk/middleware-stack/-/middleware-stack-3.55.0.tgz#e99ffb0bdd6861ec3b5a667561dc41dfcb44d36b"
  integrity sha512-ouD+wFz8W2R0ZQ8HrbhgN8tg1jyINEg9lPEEXY79w1Q5sf94LJ90XKAMVk02rw3dJalUWjLHf0OQe1/qxZfHyA==
  dependencies:
    tslib "^2.3.1"

"@aws-sdk/middleware-user-agent@3.58.0":
  version "3.58.0"
  resolved "https://registry.yarnpkg.com/@aws-sdk/middleware-user-agent/-/middleware-user-agent-3.58.0.tgz#c60b83f61ed385989e0be5dc80b05a8d5626bbf8"
  integrity sha512-1c69bIWM63JwXijXvb9IWwcwQ/gViKMZ1lhxv52NvdG5VSxWXXsFJ2jETEXZoAypwT97Hmf3xo9SYuaHcKoq+g==
  dependencies:
    "@aws-sdk/protocol-http" "3.58.0"
    "@aws-sdk/types" "3.55.0"
    tslib "^2.3.1"

"@aws-sdk/node-config-provider@3.58.0":
  version "3.58.0"
  resolved "https://registry.yarnpkg.com/@aws-sdk/node-config-provider/-/node-config-provider-3.58.0.tgz#1a138c571f6b2608cff49a64f4f2936971734f1e"
  integrity sha512-AMcPqPhKxo/3/yOMS9PsKlI0GWp2/8eD6gSlhzdBpznPCKplyqXOSnSX7wS814Cyh373hFSjCaOrCOA9/EYtDg==
  dependencies:
    "@aws-sdk/property-provider" "3.55.0"
    "@aws-sdk/shared-ini-file-loader" "3.58.0"
    "@aws-sdk/types" "3.55.0"
    tslib "^2.3.1"

"@aws-sdk/node-http-handler@3.58.0":
  version "3.58.0"
  resolved "https://registry.yarnpkg.com/@aws-sdk/node-http-handler/-/node-http-handler-3.58.0.tgz#bb633b51a205181657bfc59b24b7bf1720b7e652"
  integrity sha512-D9xVZG2nfo4GbPsby3JuBiAhpqXTFk1+CfuQU0AZv0gQvE3fFTCnB3za83jo7JV/pyRPU+s+/LHIpxCWUHzStg==
  dependencies:
    "@aws-sdk/abort-controller" "3.55.0"
    "@aws-sdk/protocol-http" "3.58.0"
    "@aws-sdk/querystring-builder" "3.55.0"
    "@aws-sdk/types" "3.55.0"
    tslib "^2.3.1"

"@aws-sdk/property-provider@3.55.0":
  version "3.55.0"
  resolved "https://registry.yarnpkg.com/@aws-sdk/property-provider/-/property-provider-3.55.0.tgz#0eabe5e84d9258c85c2c5e44bcb09379ae9429d2"
  integrity sha512-o7cKFJSHq5WOhwPsspYrzNto35oKKZvESZuWDtLxaZKSI6l7zpA366BI4kDG6Tc9i2+teV553MbxyZ9eya5A8g==
  dependencies:
    "@aws-sdk/types" "3.55.0"
    tslib "^2.3.1"

"@aws-sdk/protocol-http@3.58.0":
  version "3.58.0"
  resolved "https://registry.yarnpkg.com/@aws-sdk/protocol-http/-/protocol-http-3.58.0.tgz#170798abcc97884d4beabc4dbbdfe3b41acd2d0a"
  integrity sha512-0yFFRPbR+CCa9eOQBBQ2qtrIDLYqSMN0y7G4iqVM8wQdIw7n3QK1PsTI3RNPGJ3Oi2krFTw5uUKqQQZPZEBuVQ==
  dependencies:
    "@aws-sdk/types" "3.55.0"
    tslib "^2.3.1"

"@aws-sdk/querystring-builder@3.55.0":
  version "3.55.0"
  resolved "https://registry.yarnpkg.com/@aws-sdk/querystring-builder/-/querystring-builder-3.55.0.tgz#7d6d4e2c597eb3d636bd3a368b494dac175ba329"
  integrity sha512-/ZAXNipt9nRR8k+eowwukE/YjXnQ49p5w/MkaQxsBk3IuIf7MAcgVg8glHr0igH84GfUQ7ZVP8v+G2S3tKUG+Q==
  dependencies:
    "@aws-sdk/types" "3.55.0"
    "@aws-sdk/util-uri-escape" "3.55.0"
    tslib "^2.3.1"

"@aws-sdk/querystring-parser@3.55.0":
  version "3.55.0"
  resolved "https://registry.yarnpkg.com/@aws-sdk/querystring-parser/-/querystring-parser-3.55.0.tgz#ea35642c1b8324dd896d45185f99ad9d6c3af6d2"
  integrity sha512-e+2FLgo+eDx7oh7ap5HngN9XSVMxredAVztLHxCcSN0lFHHHzMa8b2SpXbaowUxQHh7ziymSqvOrPYFQ71Filg==
  dependencies:
    "@aws-sdk/types" "3.55.0"
    tslib "^2.3.1"

"@aws-sdk/service-error-classification@3.55.0":
  version "3.55.0"
  resolved "https://registry.yarnpkg.com/@aws-sdk/service-error-classification/-/service-error-classification-3.55.0.tgz#4a85d2d947102c50076bd2af295f62abd74e26ab"
  integrity sha512-HdjnDyarsa1Avq1MJurkLyEe9c3eRa76dPmK4TmRGgwJ+tInEzGHL0rBW7V8xBK+PDF+fJQ71hvm8jPYmzvBwQ==

"@aws-sdk/shared-ini-file-loader@3.58.0":
  version "3.58.0"
  resolved "https://registry.yarnpkg.com/@aws-sdk/shared-ini-file-loader/-/shared-ini-file-loader-3.58.0.tgz#321f80f34ef3f15ab40b756fb5ee2797812748c7"
  integrity sha512-ARDKQerIzgNs/MFNdCEuK2lgRJ1lneAaJw0p9O1LkJUvcSibvkSATwny7vwJMueOf+ae1Pf+8+54OMNIt0nTkQ==
  dependencies:
    tslib "^2.3.1"

"@aws-sdk/signature-v4@3.58.0":
  version "3.58.0"
  resolved "https://registry.yarnpkg.com/@aws-sdk/signature-v4/-/signature-v4-3.58.0.tgz#0d81dd317f9bf35bc0de670c0e534d7793f8e170"
  integrity sha512-flEo8p3XkzWoBDqnIUQre4jLuT5aLnmfQNI8c2uSjyJ3OBxpJ0iS1cDu3E++d1/pN6Q8o0KOmr2ypHeiyBOujw==
  dependencies:
    "@aws-sdk/is-array-buffer" "3.55.0"
    "@aws-sdk/types" "3.55.0"
    "@aws-sdk/util-hex-encoding" "3.58.0"
    "@aws-sdk/util-middleware" "3.55.0"
    "@aws-sdk/util-uri-escape" "3.55.0"
    tslib "^2.3.1"

"@aws-sdk/smithy-client@3.55.0":
  version "3.55.0"
  resolved "https://registry.yarnpkg.com/@aws-sdk/smithy-client/-/smithy-client-3.55.0.tgz#bf1f5a64d1d2374c291338a52f6c75c6d67e8148"
  integrity sha512-YgBpqg6R3Qg8CH9biOP1N1lYTvh8VLGD6AoDGgy/R1dQSqRQuxgKANLl3DOVcZnIZLsw4TdB0m7U+ZPtirPR1Q==
  dependencies:
    "@aws-sdk/middleware-stack" "3.55.0"
    "@aws-sdk/types" "3.55.0"
    tslib "^2.3.1"

"@aws-sdk/types@3.55.0", "@aws-sdk/types@^3.1.0":
  version "3.55.0"
  resolved "https://registry.yarnpkg.com/@aws-sdk/types/-/types-3.55.0.tgz#d524d567e2b2722f2d6be83e2417dd6d46ce1490"
  integrity sha512-wrDZjuy1CVAYxDCbm3bWQIKMGfNs7XXmG0eG4858Ixgqmq2avsIn5TORy8ynBxcXn9aekV/+tGEQ7BBSYzIVNQ==

"@aws-sdk/url-parser@3.55.0":
  version "3.55.0"
  resolved "https://registry.yarnpkg.com/@aws-sdk/url-parser/-/url-parser-3.55.0.tgz#03b47a45c591d52c9d00dc40c630b91094991fe7"
  integrity sha512-qrTwN5xIgTLreqLnZ+x3cAudjNKfxi6srW1H/px2mk4lb2U9B4fpGjZ6VU+XV8U2kR+YlT8J6Jo5iwuVGfC91A==
  dependencies:
    "@aws-sdk/querystring-parser" "3.55.0"
    "@aws-sdk/types" "3.55.0"
    tslib "^2.3.1"

"@aws-sdk/util-base64-browser@3.58.0":
  version "3.58.0"
  resolved "https://registry.yarnpkg.com/@aws-sdk/util-base64-browser/-/util-base64-browser-3.58.0.tgz#e213f91a5d40dd2d048d340f1ab192ca86c1f40c"
  integrity sha512-0ebsXIZNpu/fup9OgsFPnRKfCFbuuI9PPRzvP6twzLxUB0c/aix6Co7LGHFKcRKHZdaykoJMXArf8eHj2Nzv1Q==
  dependencies:
    tslib "^2.3.1"

"@aws-sdk/util-base64-node@3.55.0":
  version "3.55.0"
  resolved "https://registry.yarnpkg.com/@aws-sdk/util-base64-node/-/util-base64-node-3.55.0.tgz#da9a3fd6752be49163572144793e6b23d0186ff4"
  integrity sha512-UQ/ZuNoAc8CFMpSiRYmevaTsuRKzLwulZTnM8LNlIt9Wx1tpNvqp80cfvVj7yySKROtEi20wq29h31dZf1eYNQ==
  dependencies:
    "@aws-sdk/util-buffer-from" "3.55.0"
    tslib "^2.3.1"

"@aws-sdk/util-body-length-browser@3.55.0":
  version "3.55.0"
  resolved "https://registry.yarnpkg.com/@aws-sdk/util-body-length-browser/-/util-body-length-browser-3.55.0.tgz#9c2637097501032f6a1afddb76687415fe9b44b6"
  integrity sha512-Ei2OCzXQw5N6ZkTMZbamUzc1z+z1R1Ja5tMEagz5BxuX4vWdBObT+uGlSzL8yvTbjoPjnxWA2aXyEqaUP3JS8Q==
  dependencies:
    tslib "^2.3.1"

"@aws-sdk/util-body-length-node@3.55.0":
  version "3.55.0"
  resolved "https://registry.yarnpkg.com/@aws-sdk/util-body-length-node/-/util-body-length-node-3.55.0.tgz#67049bbb6c62d794a1bb5a13b9a678988c925489"
  integrity sha512-lU1d4I+9wJwydduXs0SxSfd+mHKjxeyd39VwOv6i2KSwWkPbji9UQqpflKLKw+r45jL7+xU/zfeTUg5Tt/3Gew==
  dependencies:
    tslib "^2.3.1"

"@aws-sdk/util-buffer-from@3.55.0":
  version "3.55.0"
  resolved "https://registry.yarnpkg.com/@aws-sdk/util-buffer-from/-/util-buffer-from-3.55.0.tgz#e7c927974b07a29502aa1ad58509b91d0d7cf0f7"
  integrity sha512-uVzKG1UgvnV7XX2FPTylBujYMKBPBaq/qFBxfl0LVNfrty7YjpfieQxAe6yRLD+T0Kir/WDQwGvYC+tOYG3IGA==
  dependencies:
    "@aws-sdk/is-array-buffer" "3.55.0"
    tslib "^2.3.1"

"@aws-sdk/util-config-provider@3.55.0":
  version "3.55.0"
  resolved "https://registry.yarnpkg.com/@aws-sdk/util-config-provider/-/util-config-provider-3.55.0.tgz#720c6c0ac1aa8d14be29d1dee25e01eb4925c0ce"
  integrity sha512-30dzofQQfx6tp1jVZkZ0DGRsT0wwC15nEysKRiAcjncM64A0Cm6sra77d0os3vbKiKoPCI/lMsFr4o3533+qvQ==
  dependencies:
    tslib "^2.3.1"

"@aws-sdk/util-defaults-mode-browser@3.55.0":
  version "3.55.0"
  resolved "https://registry.yarnpkg.com/@aws-sdk/util-defaults-mode-browser/-/util-defaults-mode-browser-3.55.0.tgz#c2dc19c908264f643f2f345017efd7addd3824e4"
  integrity sha512-OS3gAwR84bHz7ObhjsSJM+grfeaBq3leGrj7xiX4BH3C8J+c10GMo3fqx1pV8Fq5F+9lMmhHpfOocD63SN5Q8A==
  dependencies:
    "@aws-sdk/property-provider" "3.55.0"
    "@aws-sdk/types" "3.55.0"
    bowser "^2.11.0"
    tslib "^2.3.1"

"@aws-sdk/util-defaults-mode-node@3.58.0":
  version "3.58.0"
  resolved "https://registry.yarnpkg.com/@aws-sdk/util-defaults-mode-node/-/util-defaults-mode-node-3.58.0.tgz#57bb445172f10b681f34a7d382d420b9053b2122"
  integrity sha512-KNUCp0MXI+z3Z3pQCKDkx3Stdy1TXDjcUB+ZJFxRTJGIuBYwX4fV6G8s/zeFJi5Qv1ztR3CJ9fWJGsrx9mQ5EA==
  dependencies:
    "@aws-sdk/config-resolver" "3.58.0"
    "@aws-sdk/credential-provider-imds" "3.58.0"
    "@aws-sdk/node-config-provider" "3.58.0"
    "@aws-sdk/property-provider" "3.55.0"
    "@aws-sdk/types" "3.55.0"
    tslib "^2.3.1"

"@aws-sdk/util-hex-encoding@3.58.0":
  version "3.58.0"
  resolved "https://registry.yarnpkg.com/@aws-sdk/util-hex-encoding/-/util-hex-encoding-3.58.0.tgz#d999eb19329933a94563881540a06d7ac7f515f5"
  integrity sha512-Rl+jXUzk/FJkOLYfUVYPhKa2aUmTpeobRP31l8IatQltSzDgLyRHO35f6UEs7Ztn5s1jbu/POatLAZ2WjbgVyg==
  dependencies:
    tslib "^2.3.1"

"@aws-sdk/util-locate-window@^3.0.0":
  version "3.55.0"
  resolved "https://registry.yarnpkg.com/@aws-sdk/util-locate-window/-/util-locate-window-3.55.0.tgz#a4136a20ee1bfcb73967a6614caf769ef79db070"
  integrity sha512-0sPmK2JaJE2BbTcnvybzob/VrFKCXKfN4CUKcvn0yGg/me7Bz+vtzQRB3Xp+YSx+7OtWxzv63wsvHoAnXvgxgg==
  dependencies:
    tslib "^2.3.1"

"@aws-sdk/util-middleware@3.55.0":
  version "3.55.0"
  resolved "https://registry.yarnpkg.com/@aws-sdk/util-middleware/-/util-middleware-3.55.0.tgz#22acf3ae45e3bbe9c1cc39d84e14aafb842fdcf0"
  integrity sha512-82fW2XV+rUalv8lkd4VlhpPp6xnXO5n9sckMp1N+TrQ+p8eqxqT0+o8n1/6s9Qsnkw64Y3m6+EfCdc8/uFOY2g==
  dependencies:
    tslib "^2.3.1"

"@aws-sdk/util-uri-escape@3.55.0":
  version "3.55.0"
  resolved "https://registry.yarnpkg.com/@aws-sdk/util-uri-escape/-/util-uri-escape-3.55.0.tgz#ee57743c628a1c9f942dfe73205ce890ec011916"
  integrity sha512-mmdDLUpFCN2nkfwlLdOM54lTD528GiGSPN1qb8XtGLgZsJUmg3uJSFIN2lPeSbEwJB3NFjVas/rnQC48i7mV8w==
  dependencies:
    tslib "^2.3.1"

"@aws-sdk/util-user-agent-browser@3.58.0":
  version "3.58.0"
  resolved "https://registry.yarnpkg.com/@aws-sdk/util-user-agent-browser/-/util-user-agent-browser-3.58.0.tgz#3f46000a3d9c18d1bef6ae88682defa0c3863832"
  integrity sha512-aJpqCvT09giJRg5xFTBDBRAVF0k0yq3OEf6UTuiOVf5azlL2MGp6PJ/xkJp9Z06PuQQkwBJ/2nIQZemo02a5Sw==
  dependencies:
    "@aws-sdk/types" "3.55.0"
    bowser "^2.11.0"
    tslib "^2.3.1"

"@aws-sdk/util-user-agent-node@3.58.0":
  version "3.58.0"
  resolved "https://registry.yarnpkg.com/@aws-sdk/util-user-agent-node/-/util-user-agent-node-3.58.0.tgz#ea821601b0d2c7d81239ad0de60964f3967f06ac"
  integrity sha512-VlbY/nzWdN2pfLUHqKvnlGBQ6tEeV4jyK9ggAD2Szjj0bkYvaaKwpBKswQmuJpi5/J2v7Bo4ayBLnqDL7PgzLA==
  dependencies:
    "@aws-sdk/node-config-provider" "3.58.0"
    "@aws-sdk/types" "3.55.0"
    tslib "^2.3.1"

"@aws-sdk/util-utf8-browser@3.55.0", "@aws-sdk/util-utf8-browser@^3.0.0":
  version "3.55.0"
  resolved "https://registry.yarnpkg.com/@aws-sdk/util-utf8-browser/-/util-utf8-browser-3.55.0.tgz#a045bf1a93f6e0ff9c846631b168ea55bbb37668"
  integrity sha512-ljzqJcyjfJpEVSIAxwtIS8xMRUly84BdjlBXyp6cu4G8TUufgjNS31LWdhyGhgmW5vYBNr+LTz0Kwf6J+ou7Ug==
  dependencies:
    tslib "^2.3.1"

"@aws-sdk/util-utf8-node@3.55.0":
  version "3.55.0"
  resolved "https://registry.yarnpkg.com/@aws-sdk/util-utf8-node/-/util-utf8-node-3.55.0.tgz#44cf9f9c8624d144afd65ab8a1786e33134add15"
  integrity sha512-FsFm7GFaC7j0tlPEm/ri8bU2QCwFW5WKjxUg8lm1oWaxplCpKGUsmcfPJ4sw58GIoyoGu4QXBK60oCWosZYYdQ==
  dependencies:
    "@aws-sdk/util-buffer-from" "3.55.0"
    tslib "^2.3.1"

"@aws-sdk/util-waiter@3.55.0":
  version "3.55.0"
  resolved "https://registry.yarnpkg.com/@aws-sdk/util-waiter/-/util-waiter-3.55.0.tgz#0e48a8ce98931f99cfbcad750222fd1f0b237fda"
  integrity sha512-Do34MKPFSC/+zVN6vY+FZ+0WN61hzga4nPoAC590AOjs8rW6/H6sDN6Gz1KAZbPnuQUZfvsIJjMxN7lblXHJkQ==
  dependencies:
    "@aws-sdk/abort-controller" "3.55.0"
    "@aws-sdk/types" "3.55.0"
    tslib "^2.3.1"

"@discordjs/builders@^0.11.0":
  version "0.11.0"
  resolved "https://registry.yarnpkg.com/@discordjs/builders/-/builders-0.11.0.tgz#4102abe3e0cd093501f3f71931df43eb92f5b0cc"
  integrity sha512-ZTB8yJdJKrKlq44dpWkNUrAtEJEq0gqpb7ASdv4vmq6/mZal5kOv312hQ56I/vxwMre+VIkoHquNUAfnTbiYtg==
  dependencies:
    "@sindresorhus/is" "^4.2.0"
    discord-api-types "^0.26.0"
    ts-mixer "^6.0.0"
    tslib "^2.3.1"
    zod "^3.11.6"

"@discordjs/collection@^0.4.0":
  version "0.4.0"
  resolved "https://registry.yarnpkg.com/@discordjs/collection/-/collection-0.4.0.tgz#b6488286a1cc7b41b644d7e6086f25a1c1e6f837"
  integrity sha512-zmjq+l/rV35kE6zRrwe8BHqV78JvIh2ybJeZavBi5NySjWXqN3hmmAKg7kYMMXSeiWtSsMoZ/+MQi0DiQWy2lw==

"@hey-amplify/discord@0.3.5":
  version "0.3.5"
  resolved "http://localhost:4000/@hey-amplify%2fdiscord/-/discord-0.3.5.tgz#71f89bfd1a018934132269b74b46becd32cf7a48"
  integrity sha512-cpU6qGSZMCxuY42N4VHK3vwPYwS7esB65Jcpfyw4VasO4FtIymxxVcYf2MvQedYsz6+SNqGhVEbr1hCO5BSznw==
  dependencies:
    discord-api-types "^0.30.0"
    discord.js "^13.6.0"
    fast-glob "^3.2.11"
    node-fetch "^2.6.6"
    tweetnacl "^1.0.3"

"@hey-amplify/handler-interact@^0.2.6":
  version "0.2.6"
  resolved "http://localhost:4000/@hey-amplify%2fhandler-interact/-/handler-interact-0.2.6.tgz#0dee71e26202a2c368fbe0c8b402a38f20f9d53c"
  integrity sha512-TutUys8HrAhM+VYAZUkV/jHjcjNFYZikH1UmNv5tcF1CnV3gKhbR5kNVYLAh6emuZ/45A+zgCl5NKrgJtSCtKw==
  dependencies:
    "@hey-amplify/discord" "0.3.5"

"@nodelib/fs.scandir@2.1.5":
  version "2.1.5"
  resolved "https://registry.yarnpkg.com/@nodelib/fs.scandir/-/fs.scandir-2.1.5.tgz#7619c2eb21b25483f6d167548b4cfd5a7488c3d5"
  integrity sha512-vq24Bq3ym5HEQm2NKCr3yXDwjc7vTsEThRDnkp2DK9p1uqLR+DHurm/NOTo0KG7HYHU7eppKZj3MyqYuMBf62g==
  dependencies:
    "@nodelib/fs.stat" "2.0.5"
    run-parallel "^1.1.9"

"@nodelib/fs.stat@2.0.5", "@nodelib/fs.stat@^2.0.2":
  version "2.0.5"
  resolved "https://registry.yarnpkg.com/@nodelib/fs.stat/-/fs.stat-2.0.5.tgz#5bd262af94e9d25bd1e71b05deed44876a222e8b"
  integrity sha512-RkhPPp2zrqDAQA/2jNhnztcPAlv64XdhIp7a7454A5ovI7Bukxgt7MX7udwAu3zg1DcpPU0rz3VV1SeaqvY4+A==

"@nodelib/fs.walk@^1.2.3":
  version "1.2.8"
  resolved "https://registry.yarnpkg.com/@nodelib/fs.walk/-/fs.walk-1.2.8.tgz#e95737e8bb6746ddedf69c556953494f196fe69a"
  integrity sha512-oGB+UxlgWcgQkgwo8GcEGwemoTFt3FIO9ababBmaGwXIoBKZ+GTy0pP185beGg7Llih/NSHSV2XAs1lnznocSg==
  dependencies:
    "@nodelib/fs.scandir" "2.1.5"
    fastq "^1.6.0"

"@sapphire/async-queue@^1.1.9":
  version "1.3.0"
  resolved "https://registry.yarnpkg.com/@sapphire/async-queue/-/async-queue-1.3.0.tgz#98b1b364a5fe820366a786827f2e987590de5964"
  integrity sha512-z+CDw5X4UgIEpZL8KM+ThVx1i8V60HBg0l/oFewTNbQQeRDJHdVxHyJykv+SF1H+Rc8EkMS81VTWo95jVYgO/g==

"@sindresorhus/is@^4.2.0":
  version "4.6.0"
  resolved "https://registry.yarnpkg.com/@sindresorhus/is/-/is-4.6.0.tgz#3c7c9c46e678feefe7a2e5bb609d3dbd665ffb3f"
  integrity sha512-t09vSN3MdfsyCHoFcTRCH/iUtG7OJ0CsjzB8cjAmKc/va/kIgeDI/TxsigdncE/4be734m0cvIYwNaV4i2XqAw==

"@types/aws-lambda@^8.10.92":
  version "8.10.93"
  resolved "https://registry.yarnpkg.com/@types/aws-lambda/-/aws-lambda-8.10.93.tgz#3e2c80894122477040aabf29b7320556f5702a76"
  integrity sha512-Vsyi9ogDAY3REZDjYnXMRJJa62SDvxHXxJI5nGDQdZW058dDE+av/anynN2rLKbCKXDRNw3D/sQmqxVflZFi4A==

"@types/node-fetch@^2.5.12":
  version "2.6.1"
  resolved "https://registry.yarnpkg.com/@types/node-fetch/-/node-fetch-2.6.1.tgz#8f127c50481db65886800ef496f20bbf15518975"
  integrity sha512-oMqjURCaxoSIsHSr1E47QHzbmzNR5rK8McHuNb11BOM9cHcIK3Avy0s/b2JlXHoQGTYS3NsvWzV1M0iK7l0wbA==
  dependencies:
    "@types/node" "*"
    form-data "^3.0.0"

"@types/node@*":
  version "17.0.23"
  resolved "https://registry.yarnpkg.com/@types/node/-/node-17.0.23.tgz#3b41a6e643589ac6442bdbd7a4a3ded62f33f7da"
  integrity sha512-UxDxWn7dl97rKVeVS61vErvw086aCYhDLyvRQZ5Rk65rZKepaFdm53GeqXaKBuOhED4e9uWq34IC3TdSdJJ2Gw==

"@types/ws@^8.2.2":
  version "8.5.3"
  resolved "https://registry.yarnpkg.com/@types/ws/-/ws-8.5.3.tgz#7d25a1ffbecd3c4f2d35068d0b283c037003274d"
  integrity sha512-6YOoWjruKj1uLf3INHH7D3qTXwFfEsg1kf3c0uDdSBJwfa/llkwIjrAGV7j7mVgGNbzTQ3HiHKKDXl6bJPD97w==
  dependencies:
    "@types/node" "*"

asynckit@^0.4.0:
  version "0.4.0"
  resolved "https://registry.yarnpkg.com/asynckit/-/asynckit-0.4.0.tgz#c79ed97f7f34cb8f2ba1bc9790bcc366474b4b79"
  integrity sha1-x57Zf380y48robyXkLzDZkdLS3k=

bowser@^2.11.0:
  version "2.11.0"
  resolved "https://registry.yarnpkg.com/bowser/-/bowser-2.11.0.tgz#5ca3c35757a7aa5771500c70a73a9f91ef420a8f"
  integrity sha512-AlcaJBi/pqqJBIQ8U9Mcpc9i8Aqxn88Skv5d+xBX006BY5u8N3mGLHa5Lgppa7L/HfwgwLgZ6NYs+Ag6uUmJRA==

braces@^3.0.2:
  version "3.0.2"
  resolved "https://registry.yarnpkg.com/braces/-/braces-3.0.2.tgz#3454e1a462ee8d599e236df336cd9ea4f8afe107"
  integrity sha512-b8um+L1RzM3WDSzvhm6gIz1yfTbBt6YTlcEKAvsmqCZZFw46z626lVj9j1yEPW33H5H+lBQpZMP1k8l+78Ha0A==
  dependencies:
    fill-range "^7.0.1"

combined-stream@^1.0.8:
  version "1.0.8"
  resolved "https://registry.yarnpkg.com/combined-stream/-/combined-stream-1.0.8.tgz#c3d45a8b34fd730631a110a8a2520682b31d5a7f"
  integrity sha512-FQN4MRfuJeHf7cBbBMJFXhKSDq+2kAArBlmRBvcvFE5BB1HZKXtSFASDhdlz9zOYwxh8lDdnvmMOe/+5cdoEdg==
  dependencies:
    delayed-stream "~1.0.0"

delayed-stream@~1.0.0:
  version "1.0.0"
  resolved "https://registry.yarnpkg.com/delayed-stream/-/delayed-stream-1.0.0.tgz#df3ae199acadfb7d440aaae0b29e2272b24ec619"
  integrity sha1-3zrhmayt+31ECqrgsp4icrJOxhk=

discord-api-types@0.30.0, discord-api-types@^0.30.0:
  version "0.30.0"
  resolved "https://registry.yarnpkg.com/discord-api-types/-/discord-api-types-0.30.0.tgz#3050ff1f06b8bd4259bb2c2b1b67517268ea7188"
  integrity sha512-wYst0jrT8EJs2tVlwUTQ2xT0oWMjUrRMpFTkNY3NMleWyQNHgWaKhqFfxdLPdC2im9IuR5EsxcEgjhf/npeftw==

discord-api-types@^0.26.0:
  version "0.26.1"
  resolved "https://registry.yarnpkg.com/discord-api-types/-/discord-api-types-0.26.1.tgz#726f766ddc37d60da95740991d22cb6ef2ed787b"
  integrity sha512-T5PdMQ+Y1MEECYMV5wmyi9VEYPagEDEi4S0amgsszpWY0VB9JJ/hEvM6BgLhbdnKky4gfmZEXtEEtojN8ZKJQQ==

discord.js@^13.6.0:
  version "13.6.0"
  resolved "https://registry.yarnpkg.com/discord.js/-/discord.js-13.6.0.tgz#d8a8a591dbf25cbcf9c783d5ddf22c4694860475"
  integrity sha512-tXNR8zgsEPxPBvGk3AQjJ9ljIIC6/LOPjzKwpwz8Y1Q2X66Vi3ZqFgRHYwnHKC0jC0F+l4LzxlhmOJsBZDNg9g==
  dependencies:
    "@discordjs/builders" "^0.11.0"
    "@discordjs/collection" "^0.4.0"
    "@sapphire/async-queue" "^1.1.9"
    "@types/node-fetch" "^2.5.12"
    "@types/ws" "^8.2.2"
    discord-api-types "^0.26.0"
    form-data "^4.0.0"
    node-fetch "^2.6.1"
    ws "^8.4.0"

entities@2.2.0:
  version "2.2.0"
  resolved "https://registry.yarnpkg.com/entities/-/entities-2.2.0.tgz#098dc90ebb83d8dffa089d55256b351d34c4da55"
  integrity sha512-p92if5Nz619I0w+akJrLZH0MX0Pb5DX39XOwQTtXSdQQOaYH03S1uIQp4mhOZtAXrxq4ViO67YTiLBo2638o9A==

fast-glob@^3.2.11:
  version "3.2.11"
  resolved "https://registry.yarnpkg.com/fast-glob/-/fast-glob-3.2.11.tgz#a1172ad95ceb8a16e20caa5c5e56480e5129c1d9"
  integrity sha512-xrO3+1bxSo3ZVHAnqzyuewYT6aMFHRAd4Kcs92MAonjwQZLsK9d0SF1IyQ3k5PoirxTW0Oe/RqFgMQ6TcNE5Ew==
  dependencies:
    "@nodelib/fs.stat" "^2.0.2"
    "@nodelib/fs.walk" "^1.2.3"
    glob-parent "^5.1.2"
    merge2 "^1.3.0"
    micromatch "^4.0.4"

fast-xml-parser@3.19.0:
  version "3.19.0"
  resolved "https://registry.yarnpkg.com/fast-xml-parser/-/fast-xml-parser-3.19.0.tgz#cb637ec3f3999f51406dd8ff0e6fc4d83e520d01"
  integrity sha512-4pXwmBplsCPv8FOY1WRakF970TjNGnGnfbOnLqjlYvMiF1SR3yOHyxMR/YCXpPTOspNF5gwudqktIP4VsWkvBg==

fastq@^1.6.0:
  version "1.13.0"
  resolved "https://registry.yarnpkg.com/fastq/-/fastq-1.13.0.tgz#616760f88a7526bdfc596b7cab8c18938c36b98c"
  integrity sha512-YpkpUnK8od0o1hmeSc7UUs/eB/vIPWJYjKck2QKIzAf71Vm1AAQ3EbuZB3g2JIy+pg+ERD0vqI79KyZiB2e2Nw==
  dependencies:
    reusify "^1.0.4"

fill-range@^7.0.1:
  version "7.0.1"
  resolved "https://registry.yarnpkg.com/fill-range/-/fill-range-7.0.1.tgz#1919a6a7c75fe38b2c7c77e5198535da9acdda40"
  integrity sha512-qOo9F+dMUmC2Lcb4BbVvnKJxTPjCm+RRpe4gDuGrzkL7mEVl/djYSu2OdQ2Pa302N4oqkSg9ir6jaLWJ2USVpQ==
  dependencies:
    to-regex-range "^5.0.1"

form-data@^3.0.0:
  version "3.0.1"
  resolved "https://registry.yarnpkg.com/form-data/-/form-data-3.0.1.tgz#ebd53791b78356a99af9a300d4282c4d5eb9755f"
  integrity sha512-RHkBKtLWUVwd7SqRIvCZMEvAMoGUp0XU+seQiZejj0COz3RI3hWP4sCv3gZWWLjJTd7rGwcsF5eKZGii0r/hbg==
  dependencies:
    asynckit "^0.4.0"
    combined-stream "^1.0.8"
    mime-types "^2.1.12"

form-data@^4.0.0:
  version "4.0.0"
  resolved "https://registry.yarnpkg.com/form-data/-/form-data-4.0.0.tgz#93919daeaf361ee529584b9b31664dc12c9fa452"
  integrity sha512-ETEklSGi5t0QMZuiXoA/Q6vcnxcLQP5vdugSpuAyi6SVGi2clPPp+xgEhuMaHC+zGgn31Kd235W35f7Hykkaww==
  dependencies:
    asynckit "^0.4.0"
    combined-stream "^1.0.8"
    mime-types "^2.1.12"

glob-parent@^5.1.2:
  version "5.1.2"
  resolved "https://registry.yarnpkg.com/glob-parent/-/glob-parent-5.1.2.tgz#869832c58034fe68a4093c17dc15e8340d8401c4"
  integrity sha512-AOIgSQCepiJYwP3ARnGx+5VnTu2HBYdzbGP45eLw1vr3zB3vZLeyed1sC9hnbcOc9/SrMyM5RPQrkGz4aS9Zow==
  dependencies:
    is-glob "^4.0.1"

is-extglob@^2.1.1:
  version "2.1.1"
  resolved "https://registry.yarnpkg.com/is-extglob/-/is-extglob-2.1.1.tgz#a88c02535791f02ed37c76a1b9ea9773c833f8c2"
  integrity sha1-qIwCU1eR8C7TfHahueqXc8gz+MI=

is-glob@^4.0.1:
  version "4.0.3"
  resolved "https://registry.yarnpkg.com/is-glob/-/is-glob-4.0.3.tgz#64f61e42cbbb2eec2071a9dac0b28ba1e65d5084"
  integrity sha512-xelSayHH36ZgE7ZWhli7pW34hNbNl8Ojv5KVmkJD4hBdD3th8Tfk9vYasLM+mXWOZhFkgZfxhLSnrwRr4elSSg==
  dependencies:
    is-extglob "^2.1.1"

is-number@^7.0.0:
  version "7.0.0"
  resolved "https://registry.yarnpkg.com/is-number/-/is-number-7.0.0.tgz#7535345b896734d5f80c4d06c50955527a14f12b"
  integrity sha512-41Cifkg6e8TylSpdtTpeLVMqvSBEVzTttHvERD741+pnZ8ANv0004MRL43QKPDlK9cGvNp6NZWZUBlbGXYxxng==

merge2@^1.3.0:
  version "1.4.1"
  resolved "https://registry.yarnpkg.com/merge2/-/merge2-1.4.1.tgz#4368892f885e907455a6fd7dc55c0c9d404990ae"
  integrity sha512-8q7VEgMJW4J8tcfVPy8g09NcQwZdbwFEqhe/WZkoIzjn/3TGDwtOCYtXGxA3O8tPzpczCCDgv+P2P5y00ZJOOg==

micromatch@^4.0.4:
  version "4.0.5"
  resolved "https://registry.yarnpkg.com/micromatch/-/micromatch-4.0.5.tgz#bc8999a7cbbf77cdc89f132f6e467051b49090c6"
  integrity sha512-DMy+ERcEW2q8Z2Po+WNXuw3c5YaUSFjAO5GsJqfEl7UjvtIuFKO6ZrKvcItdy98dwFI2N1tg3zNIdKaQT+aNdA==
  dependencies:
    braces "^3.0.2"
    picomatch "^2.3.1"

mime-db@1.52.0:
  version "1.52.0"
  resolved "https://registry.yarnpkg.com/mime-db/-/mime-db-1.52.0.tgz#bbabcdc02859f4987301c856e3387ce5ec43bf70"
  integrity sha512-sPU4uV7dYlvtWJxwwxHD0PuihVNiE7TyAbQ5SWxDCB9mUYvOgroQOwYQQOKPJ8CIbE+1ETVlOoK1UC2nU3gYvg==

mime-types@^2.1.12:
  version "2.1.35"
  resolved "https://registry.yarnpkg.com/mime-types/-/mime-types-2.1.35.tgz#381a871b62a734450660ae3deee44813f70d959a"
  integrity sha512-ZDY+bPm5zTTF+YpCrAU9nK0UgICYPT0QtT1NZWFv4s++TNkcgVaT0g6+4R2uI4MjQjzysHB1zxuWL50hzaeXiw==
  dependencies:
    mime-db "1.52.0"

node-fetch@^2.6.1, node-fetch@^2.6.6:
  version "2.6.7"
  resolved "https://registry.yarnpkg.com/node-fetch/-/node-fetch-2.6.7.tgz#24de9fba827e3b4ae44dc8b20256a379160052ad"
  integrity sha512-ZjMPFEfVx5j+y2yF35Kzx5sF7kDzxuDj6ziH4FFbOp87zKDZNx8yExJIb05OGF4Nlt9IHFIMBkRl41VdvcNdbQ==
  dependencies:
    whatwg-url "^5.0.0"

picomatch@^2.3.1:
  version "2.3.1"
  resolved "https://registry.yarnpkg.com/picomatch/-/picomatch-2.3.1.tgz#3ba3833733646d9d3e4995946c1365a67fb07a42"
  integrity sha512-JU3teHTNjmE2VCGFzuY8EXzCDVwEqB2a8fsIvwaStHhAWJEeVd1o1QD80CU6+ZdEXXSLbSsuLwJjkCBWqRQUVA==

queue-microtask@^1.2.2:
  version "1.2.3"
  resolved "https://registry.yarnpkg.com/queue-microtask/-/queue-microtask-1.2.3.tgz#4929228bbc724dfac43e0efb058caf7b6cfb6243"
  integrity sha512-NuaNSa6flKT5JaSYQzJok04JzTL1CA6aGhv5rfLW3PgqA+M2ChpZQnAC8h8i4ZFkBS8X5RqkDBHA7r4hej3K9A==

reusify@^1.0.4:
  version "1.0.4"
  resolved "https://registry.yarnpkg.com/reusify/-/reusify-1.0.4.tgz#90da382b1e126efc02146e90845a88db12925d76"
  integrity sha512-U9nH88a3fc/ekCF1l0/UP1IosiuIjyTh7hBvXVMHYgVcfGvt897Xguj2UOLDeI5BG2m7/uwyaLVT6fbtCwTyzw==

run-parallel@^1.1.9:
  version "1.2.0"
  resolved "https://registry.yarnpkg.com/run-parallel/-/run-parallel-1.2.0.tgz#66d1368da7bdf921eb9d95bd1a9229e7f21a43ee"
  integrity sha512-5l4VyZR86LZ/lDxZTR6jqL8AFE2S0IFLMP26AbjsLVADxHdhB/c0GUsH+y39UfCi3dzz8OlQuPmnaJOMoDHQBA==
  dependencies:
    queue-microtask "^1.2.2"

to-regex-range@^5.0.1:
  version "5.0.1"
  resolved "https://registry.yarnpkg.com/to-regex-range/-/to-regex-range-5.0.1.tgz#1648c44aae7c8d988a326018ed72f5b4dd0392e4"
  integrity sha512-65P7iz6X5yEr1cwcgvQxbbIw7Uk3gOy5dIdtZ4rDveLqhrdJP+Li/Hx6tyK0NEb+2GCyneCMJiGqrADCSNk8sQ==
  dependencies:
    is-number "^7.0.0"

tr46@~0.0.3:
  version "0.0.3"
  resolved "https://registry.yarnpkg.com/tr46/-/tr46-0.0.3.tgz#8184fd347dac9cdc185992f3a6622e14b9d9ab6a"
  integrity sha1-gYT9NH2snNwYWZLzpmIuFLnZq2o=

ts-mixer@^6.0.0:
  version "6.0.1"
  resolved "https://registry.yarnpkg.com/ts-mixer/-/ts-mixer-6.0.1.tgz#7c2627fb98047eb5f3c7f2fee39d1521d18fe87a"
  integrity sha512-hvE+ZYXuINrx6Ei6D6hz+PTim0Uf++dYbK9FFifLNwQj+RwKquhQpn868yZsCtJYiclZF1u8l6WZxxKi+vv7Rg==

tslib@^1.11.1:
  version "1.14.1"
  resolved "https://registry.yarnpkg.com/tslib/-/tslib-1.14.1.tgz#cf2d38bdc34a134bcaf1091c41f6619e2f672d00"
  integrity sha512-Xni35NKzjgMrwevysHTCArtLDpPvye8zV/0E4EyYn43P7/7qvQwPh9BGkHewbMulVntbigmcT7rdX3BNo9wRJg==

tslib@^2.3.1:
  version "2.3.1"
  resolved "https://registry.yarnpkg.com/tslib/-/tslib-2.3.1.tgz#e8a335add5ceae51aa261d32a490158ef042ef01"
  integrity sha512-77EbyPPpMz+FRFRuAFlWMtmgUWGe9UOG2Z25NqCwiIjRhOf5iKGuzSe5P2w1laq+FkRy4p+PCuVkJSGkzTEKVw==

tweetnacl@^1.0.3:
  version "1.0.3"
  resolved "https://registry.yarnpkg.com/tweetnacl/-/tweetnacl-1.0.3.tgz#ac0af71680458d8a6378d0d0d050ab1407d35596"
  integrity sha512-6rt+RN7aOi1nGMyC4Xa5DdYiukl2UWCbcJft7YhxReBGQD7OAM8Pbxw6YMo4r2diNEA8FEmu32YOn9rhaiE5yw==

uuid@^8.3.2:
  version "8.3.2"
  resolved "https://registry.yarnpkg.com/uuid/-/uuid-8.3.2.tgz#80d5b5ced271bb9af6c445f21a1a04c606cefbe2"
  integrity sha512-+NYs2QeMWy+GWFOEm9xnn6HCDp0l7QBD7ml8zLUmJ+93Q5NF0NocErnwkTkXVFNiX3/fpC6afS8Dhb/gz7R7eg==

webidl-conversions@^3.0.0:
  version "3.0.1"
  resolved "https://registry.yarnpkg.com/webidl-conversions/-/webidl-conversions-3.0.1.tgz#24534275e2a7bc6be7bc86611cc16ae0a5654871"
  integrity sha1-JFNCdeKnvGvnvIZhHMFq4KVlSHE=

whatwg-url@^5.0.0:
  version "5.0.0"
  resolved "https://registry.yarnpkg.com/whatwg-url/-/whatwg-url-5.0.0.tgz#966454e8765462e37644d3626f6742ce8b70965d"
  integrity sha1-lmRU6HZUYuN2RNNib2dCzotwll0=
  dependencies:
    tr46 "~0.0.3"
    webidl-conversions "^3.0.0"

ws@^8.4.0:
  version "8.5.0"
  resolved "https://registry.yarnpkg.com/ws/-/ws-8.5.0.tgz#bfb4be96600757fe5382de12c670dab984a1ed4f"
  integrity sha512-BWX0SWVgLPzYwF8lTzEy1egjhS4S4OEAHfsO8o65WOVsrnSRGaSiUaa9e0ggGlkMTtBlmOpEXiie9RUcBO86qg==

zod@^3.11.6:
  version "3.14.3"
  resolved "https://registry.yarnpkg.com/zod/-/zod-3.14.3.tgz#60e86341c05883c281fe96a0e79acea48a09f123"
  integrity sha512-OzwRCSXB1+/8F6w6HkYHdbuWysYWnAF4fkRgKDcSFc54CE+Sv0rHXKfeNUReGCrHukm1LNpi6AYeXotznhYJbQ==
