# THIS IS AN AUTOGENERATED FILE. DO NOT EDIT THIS FILE DIRECTLY.
# yarn lockfile v1


"@hey-amplify/bank@*":
  version "0.1.0"
  resolved "http://localhost:4000/@hey-amplify%2fbank/-/bank-0.1.0.tgz#f844459f6b002b5388286e4a616937fa8acd1576"
  integrity sha512-uDlSx8q7Nfz8ur1eUkK7KZ7UcG+oluWTgXLUh9ZCNovOyN4y43izEw1jHI2VCK8r0BXAz72uYOdUwK+SLg5MQg==
  dependencies:
    "@hey-amplify/command-giverole" "*"
    "@hey-amplify/command-static" "*"

"@hey-amplify/command-giverole@*":
  version "0.1.0"
  resolved "http://localhost:4000/@hey-amplify%2fcommand-giverole/-/command-giverole-0.1.0.tgz#694a356ed4479b59bae8490b61c8d3d8051a920e"
  integrity sha512-wJuwZoj6Bc0PntRl/cXSOdbFVezfhJCoqPus287biW5HXqbgxGpLgRVGHwowqwoX51+QHSFoATBLxCc9J6zmAg==
  dependencies:
    "@hey-amplify/discord" "*"

"@hey-amplify/command-static@*":
  version "0.1.0"
  resolved "http://localhost:4000/@hey-amplify%2fcommand-static/-/command-static-0.1.0.tgz#4e8ad9bdd387b83611113667c0aa225b7e90ace4"
  integrity sha512-6fHoZT7PtX8CLZWaApNs5cMWR9sgcSbtKUjxBHFxj2T8/Z7Ict3BTMuHBLXBrMPXXs4u+bW5H3VQO3d++9Hnpw==

"@hey-amplify/discord@*":
  version "0.1.0"
  resolved "http://localhost:4000/@hey-amplify%2fdiscord/-/discord-0.1.0.tgz#6f1a85719db1eb591536e0d376015b92e987317a"
  integrity sha512-qt59jo7bAnp/b5Zj353J7k4mx3bE6SiCCwUNpCACiD0Y4N6yYnhU2Lr4pYBwUOuYNPQlO3F2PovJfA9niDqGWA==
  dependencies:
    "@hey-amplify/bank" "*"
    node-fetch "^2.6.6"
    tweetnacl "^1.0.3"

"@hey-amplify/handler-interact@0.1.0":
  version "0.1.0"
  resolved "http://localhost:4000/@hey-amplify%2fhandler-interact/-/handler-interact-0.1.0.tgz#d846e5cd22707669e0ba317666e06197782f1877"
  integrity sha512-VcQ/NcT1jpGEwsnRcILrLFg82pwlYa3TMMMQjXUtFir6vHcIRLVd4w0jn6+zQ0IGrUSz4NE4UALhujxVRqh4XA==
  dependencies:
    "@hey-amplify/discord" "*"

node-fetch@^2.6.6:
  version "2.6.6"
  resolved "https://registry.yarnpkg.com/node-fetch/-/node-fetch-2.6.6.tgz#1751a7c01834e8e1697758732e9efb6eeadfaf89"
  integrity sha512-Z8/6vRlTUChSdIgMa51jxQ4lrw/Jy5SOW10ObaA47/RElsAN2c5Pn8bTgFGWn/ibwzXTE8qwr1Yzx28vsecXEA==
  dependencies:
    whatwg-url "^5.0.0"

tr46@~0.0.3:
  version "0.0.3"
  resolved "https://registry.yarnpkg.com/tr46/-/tr46-0.0.3.tgz#8184fd347dac9cdc185992f3a6622e14b9d9ab6a"
  integrity sha1-gYT9NH2snNwYWZLzpmIuFLnZq2o=

tweetnacl@^1.0.3:
  version "1.0.3"
  resolved "https://registry.yarnpkg.com/tweetnacl/-/tweetnacl-1.0.3.tgz#ac0af71680458d8a6378d0d0d050ab1407d35596"
  integrity sha512-6rt+RN7aOi1nGMyC4Xa5DdYiukl2UWCbcJft7YhxReBGQD7OAM8Pbxw6YMo4r2diNEA8FEmu32YOn9rhaiE5yw==

webidl-conversions@^3.0.0:
  version "3.0.1"
  resolved "https://registry.yarnpkg.com/webidl-conversions/-/webidl-conversions-3.0.1.tgz#24534275e2a7bc6be7bc86611cc16ae0a5654871"
  integrity sha1-JFNCdeKnvGvnvIZhHMFq4KVlSHE=

whatwg-url@^5.0.0:
  version "5.0.0"
  resolved "https://registry.yarnpkg.com/whatwg-url/-/whatwg-url-5.0.0.tgz#966454e8765462e37644d3626f6742ce8b70965d"
  integrity sha1-lmRU6HZUYuN2RNNib2dCzotwll0=
  dependencies:
    tr46 "~0.0.3"
    webidl-conversions "^3.0.0"
