# THIS IS AN AUTOGENERATED FILE. DO NOT EDIT THIS FILE DIRECTLY.
# yarn lockfile v1


"@aws-crypto/ie11-detection@^2.0.0":
  version "2.0.0"
  resolved "https://registry.yarnpkg.com/@aws-crypto/ie11-detection/-/ie11-detection-2.0.0.tgz#bb6c2facf8f03457e949dcf0921477397ffa4c6e"
  integrity sha512-pkVXf/dq6PITJ0jzYZ69VhL8VFOFoPZLZqtU/12SGnzYuJOOGNfF41q9GxdI1yqC8R13Rq3jOLKDFpUJFT5eTA==
  dependencies:
    tslib "^1.11.1"

"@aws-crypto/sha256-browser@2.0.0":
  version "2.0.0"
  resolved "https://registry.yarnpkg.com/@aws-crypto/sha256-browser/-/sha256-browser-2.0.0.tgz#741c9024df55ec59b51e5b1f5d806a4852699fb5"
  integrity sha512-rYXOQ8BFOaqMEHJrLHul/25ckWH6GTJtdLSajhlqGMx0PmSueAuvboCuZCTqEKlxR8CQOwRarxYMZZSYlhRA1A==
  dependencies:
    "@aws-crypto/ie11-detection" "^2.0.0"
    "@aws-crypto/sha256-js" "^2.0.0"
    "@aws-crypto/supports-web-crypto" "^2.0.0"
    "@aws-crypto/util" "^2.0.0"
    "@aws-sdk/types" "^3.1.0"
    "@aws-sdk/util-locate-window" "^3.0.0"
    "@aws-sdk/util-utf8-browser" "^3.0.0"
    tslib "^1.11.1"

"@aws-crypto/sha256-js@2.0.0":
  version "2.0.0"
  resolved "https://registry.yarnpkg.com/@aws-crypto/sha256-js/-/sha256-js-2.0.0.tgz#f1f936039bdebd0b9e2dd834d65afdc2aac4efcb"
  integrity sha512-VZY+mCY4Nmrs5WGfitmNqXzaE873fcIZDu54cbaDaaamsaTOP1DBImV9F4pICc3EHjQXujyE8jig+PFCaew9ig==
  dependencies:
    "@aws-crypto/util" "^2.0.0"
    "@aws-sdk/types" "^3.1.0"
    tslib "^1.11.1"

"@aws-crypto/sha256-js@^2.0.0":
  version "2.0.1"
  resolved "https://registry.yarnpkg.com/@aws-crypto/sha256-js/-/sha256-js-2.0.1.tgz#79e1e6cf61f652ef2089c08d471c722ecf1626a9"
  integrity sha512-mbHTBSPBvg6o/mN/c18Z/zifM05eJrapj5ggoOIeHIWckvkv5VgGi7r/wYpt+QAO2ySKXLNvH2d8L7bne4xrMQ==
  dependencies:
    "@aws-crypto/util" "^2.0.1"
    "@aws-sdk/types" "^3.1.0"
    tslib "^1.11.1"

"@aws-crypto/supports-web-crypto@^2.0.0":
  version "2.0.0"
  resolved "https://registry.yarnpkg.com/@aws-crypto/supports-web-crypto/-/supports-web-crypto-2.0.0.tgz#fd6cde30b88f77d5a4f57b2c37c560d918014f9e"
  integrity sha512-Ge7WQ3E0OC7FHYprsZV3h0QIcpdyJLvIeg+uTuHqRYm8D6qCFJoiC+edSzSyFiHtZf+NOQDJ1q46qxjtzIY2nA==
  dependencies:
    tslib "^1.11.1"

"@aws-crypto/util@^2.0.0", "@aws-crypto/util@^2.0.1":
  version "2.0.1"
  resolved "https://registry.yarnpkg.com/@aws-crypto/util/-/util-2.0.1.tgz#976cf619cf85084ca85ec5eb947a6ac6b8b5c98c"
  integrity sha512-JJmFFwvbm08lULw4Nm5QOLg8+lAQeC8aCXK5xrtxntYzYXCGfHwUJ4Is3770Q7HmICsXthGQ+ZsDL7C2uH3yBQ==
  dependencies:
    "@aws-sdk/types" "^3.1.0"
    "@aws-sdk/util-utf8-browser" "^3.0.0"
    tslib "^1.11.1"

"@aws-sdk/abort-controller@3.50.0":
  version "3.50.0"
  resolved "https://registry.yarnpkg.com/@aws-sdk/abort-controller/-/abort-controller-3.50.0.tgz#a5859eba5b5f62bb1a53dd5f2e5aa64d2a10b355"
  integrity sha512-QNr5uKO5mL5OyJr6w2yub3dF00WeLtw5qgNZIeb1bN2onbh3d8VreHi3glkXQw3SI1UE9O1HsqEknMJhTupvKg==
  dependencies:
    "@aws-sdk/types" "3.50.0"
    tslib "^2.3.0"

"@aws-sdk/client-lambda@^3.51.0":
  version "3.51.0"
  resolved "https://registry.yarnpkg.com/@aws-sdk/client-lambda/-/client-lambda-3.51.0.tgz#e6a00a3ac8e03e6ead58a0412f5406e753e5d9f9"
  integrity sha512-UPZo+BmlM13lkrq3ajTdrm9A8fNq7Sh/rpx2PpAIast36rmwXHvNPoRh7I0M0meNOrzylaUhF3WoMUs+iS6afg==
  dependencies:
    "@aws-crypto/sha256-browser" "2.0.0"
    "@aws-crypto/sha256-js" "2.0.0"
    "@aws-sdk/client-sts" "3.51.0"
    "@aws-sdk/config-resolver" "3.51.0"
    "@aws-sdk/credential-provider-node" "3.51.0"
    "@aws-sdk/fetch-http-handler" "3.50.0"
    "@aws-sdk/hash-node" "3.50.0"
    "@aws-sdk/invalid-dependency" "3.50.0"
    "@aws-sdk/middleware-content-length" "3.50.0"
    "@aws-sdk/middleware-host-header" "3.50.0"
    "@aws-sdk/middleware-logger" "3.50.0"
    "@aws-sdk/middleware-retry" "3.51.0"
    "@aws-sdk/middleware-serde" "3.50.0"
    "@aws-sdk/middleware-signing" "3.50.0"
    "@aws-sdk/middleware-stack" "3.50.0"
    "@aws-sdk/middleware-user-agent" "3.50.0"
    "@aws-sdk/node-config-provider" "3.51.0"
    "@aws-sdk/node-http-handler" "3.50.0"
    "@aws-sdk/protocol-http" "3.50.0"
    "@aws-sdk/smithy-client" "3.50.0"
    "@aws-sdk/types" "3.50.0"
    "@aws-sdk/url-parser" "3.50.0"
    "@aws-sdk/util-base64-browser" "3.49.0"
    "@aws-sdk/util-base64-node" "3.49.0"
    "@aws-sdk/util-body-length-browser" "3.49.0"
    "@aws-sdk/util-body-length-node" "3.49.0"
    "@aws-sdk/util-defaults-mode-browser" "3.50.0"
    "@aws-sdk/util-defaults-mode-node" "3.51.0"
    "@aws-sdk/util-user-agent-browser" "3.50.0"
    "@aws-sdk/util-user-agent-node" "3.51.0"
    "@aws-sdk/util-utf8-browser" "3.49.0"
    "@aws-sdk/util-utf8-node" "3.49.0"
    "@aws-sdk/util-waiter" "3.50.0"
    tslib "^2.3.0"

"@aws-sdk/client-sso@3.51.0":
  version "3.51.0"
  resolved "https://registry.yarnpkg.com/@aws-sdk/client-sso/-/client-sso-3.51.0.tgz#229212ffd5f41feeca8238556d8aa87b263c2515"
  integrity sha512-YTYCQxptU5CwkHscHwF+2JGZ1a+YsT3G7ZEaKNYuz0iMtQd7koSsLSbvt6EDxjYJZQ6y7gUriRJWJq/LPn55kg==
  dependencies:
    "@aws-crypto/sha256-browser" "2.0.0"
    "@aws-crypto/sha256-js" "2.0.0"
    "@aws-sdk/config-resolver" "3.51.0"
    "@aws-sdk/fetch-http-handler" "3.50.0"
    "@aws-sdk/hash-node" "3.50.0"
    "@aws-sdk/invalid-dependency" "3.50.0"
    "@aws-sdk/middleware-content-length" "3.50.0"
    "@aws-sdk/middleware-host-header" "3.50.0"
    "@aws-sdk/middleware-logger" "3.50.0"
    "@aws-sdk/middleware-retry" "3.51.0"
    "@aws-sdk/middleware-serde" "3.50.0"
    "@aws-sdk/middleware-stack" "3.50.0"
    "@aws-sdk/middleware-user-agent" "3.50.0"
    "@aws-sdk/node-config-provider" "3.51.0"
    "@aws-sdk/node-http-handler" "3.50.0"
    "@aws-sdk/protocol-http" "3.50.0"
    "@aws-sdk/smithy-client" "3.50.0"
    "@aws-sdk/types" "3.50.0"
    "@aws-sdk/url-parser" "3.50.0"
    "@aws-sdk/util-base64-browser" "3.49.0"
    "@aws-sdk/util-base64-node" "3.49.0"
    "@aws-sdk/util-body-length-browser" "3.49.0"
    "@aws-sdk/util-body-length-node" "3.49.0"
    "@aws-sdk/util-defaults-mode-browser" "3.50.0"
    "@aws-sdk/util-defaults-mode-node" "3.51.0"
    "@aws-sdk/util-user-agent-browser" "3.50.0"
    "@aws-sdk/util-user-agent-node" "3.51.0"
    "@aws-sdk/util-utf8-browser" "3.49.0"
    "@aws-sdk/util-utf8-node" "3.49.0"
    tslib "^2.3.0"

"@aws-sdk/client-sts@3.51.0":
  version "3.51.0"
  resolved "https://registry.yarnpkg.com/@aws-sdk/client-sts/-/client-sts-3.51.0.tgz#5aeddb7cd327120a4bbf2c7efacc136d691e390d"
  integrity sha512-/dD+4tuolPQNiQArGa3PtVc8k6umfoY2YUVEt9eBzvnWnakbAtAoByiv3N9qxOph6511nZoz2MJV+ych4/eacA==
  dependencies:
    "@aws-crypto/sha256-browser" "2.0.0"
    "@aws-crypto/sha256-js" "2.0.0"
    "@aws-sdk/config-resolver" "3.51.0"
    "@aws-sdk/credential-provider-node" "3.51.0"
    "@aws-sdk/fetch-http-handler" "3.50.0"
    "@aws-sdk/hash-node" "3.50.0"
    "@aws-sdk/invalid-dependency" "3.50.0"
    "@aws-sdk/middleware-content-length" "3.50.0"
    "@aws-sdk/middleware-host-header" "3.50.0"
    "@aws-sdk/middleware-logger" "3.50.0"
    "@aws-sdk/middleware-retry" "3.51.0"
    "@aws-sdk/middleware-sdk-sts" "3.50.0"
    "@aws-sdk/middleware-serde" "3.50.0"
    "@aws-sdk/middleware-signing" "3.50.0"
    "@aws-sdk/middleware-stack" "3.50.0"
    "@aws-sdk/middleware-user-agent" "3.50.0"
    "@aws-sdk/node-config-provider" "3.51.0"
    "@aws-sdk/node-http-handler" "3.50.0"
    "@aws-sdk/protocol-http" "3.50.0"
    "@aws-sdk/smithy-client" "3.50.0"
    "@aws-sdk/types" "3.50.0"
    "@aws-sdk/url-parser" "3.50.0"
    "@aws-sdk/util-base64-browser" "3.49.0"
    "@aws-sdk/util-base64-node" "3.49.0"
    "@aws-sdk/util-body-length-browser" "3.49.0"
    "@aws-sdk/util-body-length-node" "3.49.0"
    "@aws-sdk/util-defaults-mode-browser" "3.50.0"
    "@aws-sdk/util-defaults-mode-node" "3.51.0"
    "@aws-sdk/util-user-agent-browser" "3.50.0"
    "@aws-sdk/util-user-agent-node" "3.51.0"
    "@aws-sdk/util-utf8-browser" "3.49.0"
    "@aws-sdk/util-utf8-node" "3.49.0"
    entities "2.2.0"
    fast-xml-parser "3.19.0"
    tslib "^2.3.0"

"@aws-sdk/config-resolver@3.51.0":
  version "3.51.0"
  resolved "https://registry.yarnpkg.com/@aws-sdk/config-resolver/-/config-resolver-3.51.0.tgz#0e35c292c119c0d92deced318b0d4dbe90c43da4"
  integrity sha512-TjPw78e/y2WOBOOQgasLiMtwwfv4pyTwhqUM9d+yzNBUKjN/Xun+b1bjxZB3QQFRhG1NFGaTSWi7y+c9o3lDWw==
  dependencies:
    "@aws-sdk/signature-v4" "3.50.0"
    "@aws-sdk/types" "3.50.0"
    "@aws-sdk/util-config-provider" "3.49.0"
    tslib "^2.3.0"

"@aws-sdk/credential-provider-env@3.50.0":
  version "3.50.0"
  resolved "https://registry.yarnpkg.com/@aws-sdk/credential-provider-env/-/credential-provider-env-3.50.0.tgz#923d014d14462566f1592878193d9adcbc53d621"
  integrity sha512-ZyFORU/soLC2R8kfIB8ppmmuCF+xkb2PAbSiGf1v7Q9OkqklIo9w4kJhEyV96UWgRy+dzBh9knIXJ6Ok/Tey2Q==
  dependencies:
    "@aws-sdk/property-provider" "3.50.0"
    "@aws-sdk/types" "3.50.0"
    tslib "^2.3.0"

"@aws-sdk/credential-provider-imds@3.51.0":
  version "3.51.0"
  resolved "https://registry.yarnpkg.com/@aws-sdk/credential-provider-imds/-/credential-provider-imds-3.51.0.tgz#fa836ee37be7fd748a701db73544d9ef58e91805"
  integrity sha512-hAUOo/TppiFvk37r4/RktslLr6DNa18YiTVw5WDtweYVNaJ2GUnyEa2nV4GtYwZOSrbQ2nZltYhVzgDbxVpseA==
  dependencies:
    "@aws-sdk/node-config-provider" "3.51.0"
    "@aws-sdk/property-provider" "3.50.0"
    "@aws-sdk/types" "3.50.0"
    "@aws-sdk/url-parser" "3.50.0"
    tslib "^2.3.0"

"@aws-sdk/credential-provider-ini@3.51.0":
  version "3.51.0"
  resolved "https://registry.yarnpkg.com/@aws-sdk/credential-provider-ini/-/credential-provider-ini-3.51.0.tgz#54ee13056da5821997edb3b83960c8c5c4be2af2"
  integrity sha512-CN+By85sZisxq4tmNB5RYnPagQdF/g5bdo+B/izPoRxd91VSAkX/YYdTwhzQ8E2uD/CktLRn/oHq8iIpuRsG6Q==
  dependencies:
    "@aws-sdk/credential-provider-env" "3.50.0"
    "@aws-sdk/credential-provider-imds" "3.51.0"
    "@aws-sdk/credential-provider-sso" "3.51.0"
    "@aws-sdk/credential-provider-web-identity" "3.50.0"
    "@aws-sdk/property-provider" "3.50.0"
    "@aws-sdk/shared-ini-file-loader" "3.51.0"
    "@aws-sdk/types" "3.50.0"
    "@aws-sdk/util-credentials" "3.51.0"
    tslib "^2.3.0"

"@aws-sdk/credential-provider-node@3.51.0":
  version "3.51.0"
  resolved "https://registry.yarnpkg.com/@aws-sdk/credential-provider-node/-/credential-provider-node-3.51.0.tgz#7fc8dc1571b8c022b1b53fe004fd8d7522eb7891"
  integrity sha512-rF1F2Yem886bufwWi4Li6JWUZ/8sjvZN4xzoHw2L8+TXcTtYBY0QpSAApIBjtSTQHoX6mtHKl5TDb9durGhIug==
  dependencies:
    "@aws-sdk/credential-provider-env" "3.50.0"
    "@aws-sdk/credential-provider-imds" "3.51.0"
    "@aws-sdk/credential-provider-ini" "3.51.0"
    "@aws-sdk/credential-provider-process" "3.51.0"
    "@aws-sdk/credential-provider-sso" "3.51.0"
    "@aws-sdk/credential-provider-web-identity" "3.50.0"
    "@aws-sdk/property-provider" "3.50.0"
    "@aws-sdk/shared-ini-file-loader" "3.51.0"
    "@aws-sdk/types" "3.50.0"
    "@aws-sdk/util-credentials" "3.51.0"
    tslib "^2.3.0"

"@aws-sdk/credential-provider-process@3.51.0":
  version "3.51.0"
  resolved "https://registry.yarnpkg.com/@aws-sdk/credential-provider-process/-/credential-provider-process-3.51.0.tgz#b2653e0c3d5d64b39020a030eac0eaef6740b77f"
  integrity sha512-m99NHjQBg+dJ5v6Rcgqm/vn65clFEYiK2ygvu2gKJzqbNWWj1soTyhvxUC2Qi5z4VJvTfN5hABXNzlJPbMk6pw==
  dependencies:
    "@aws-sdk/property-provider" "3.50.0"
    "@aws-sdk/shared-ini-file-loader" "3.51.0"
    "@aws-sdk/types" "3.50.0"
    "@aws-sdk/util-credentials" "3.51.0"
    tslib "^2.3.0"

"@aws-sdk/credential-provider-sso@3.51.0":
  version "3.51.0"
  resolved "https://registry.yarnpkg.com/@aws-sdk/credential-provider-sso/-/credential-provider-sso-3.51.0.tgz#62af0446262db75d97134d6ff15dd682b070c974"
  integrity sha512-EIpk6opibnbFn5TBT00UysWlVASq+J+YWTs2I9oNuO4qazzLxkvnF9qH0Xx695Vb3VgCseUcu6wpnN5IFgRQ1w==
  dependencies:
    "@aws-sdk/client-sso" "3.51.0"
    "@aws-sdk/property-provider" "3.50.0"
    "@aws-sdk/shared-ini-file-loader" "3.51.0"
    "@aws-sdk/types" "3.50.0"
    "@aws-sdk/util-credentials" "3.51.0"
    tslib "^2.3.0"

"@aws-sdk/credential-provider-web-identity@3.50.0":
  version "3.50.0"
  resolved "https://registry.yarnpkg.com/@aws-sdk/credential-provider-web-identity/-/credential-provider-web-identity-3.50.0.tgz#a54786f052578aaf4ec1d25cc16e14daa61a2413"
  integrity sha512-zaujz5di3UfNQVv0FUw0S5L1eHm4+thg4tlncaEASJoU9wLKnyGlcnNlqscJ0rBZzk7EdOuibX/nQCD9/tI8UA==
  dependencies:
    "@aws-sdk/property-provider" "3.50.0"
    "@aws-sdk/types" "3.50.0"
    tslib "^2.3.0"

"@aws-sdk/fetch-http-handler@3.50.0":
  version "3.50.0"
  resolved "https://registry.yarnpkg.com/@aws-sdk/fetch-http-handler/-/fetch-http-handler-3.50.0.tgz#06b6b48c7980dbfa9cf793ab0417b413ad0df433"
  integrity sha512-2ntw0cvu/AYAthhhiMz9MlHQffVZbb0NqLwA72A+IBAQaI+jI3NxCWNIdPaowDWJ008ip5LCrXb7TpgX0wl65Q==
  dependencies:
    "@aws-sdk/protocol-http" "3.50.0"
    "@aws-sdk/querystring-builder" "3.50.0"
    "@aws-sdk/types" "3.50.0"
    "@aws-sdk/util-base64-browser" "3.49.0"
    tslib "^2.3.0"

"@aws-sdk/hash-node@3.50.0":
  version "3.50.0"
  resolved "https://registry.yarnpkg.com/@aws-sdk/hash-node/-/hash-node-3.50.0.tgz#b700755f0c2f19f13ac98ca4d3a2be5272475f7f"
  integrity sha512-g0rgNaGt2OkoypnIy81QUamgIgVEmNl3OPPv8Ug2xDu+HJJQ2q7kIRTdVd9NZr3cCUMP4hsaYtwBYA4QOvtvLg==
  dependencies:
    "@aws-sdk/types" "3.50.0"
    "@aws-sdk/util-buffer-from" "3.49.0"
    tslib "^2.3.0"

"@aws-sdk/invalid-dependency@3.50.0":
  version "3.50.0"
  resolved "https://registry.yarnpkg.com/@aws-sdk/invalid-dependency/-/invalid-dependency-3.50.0.tgz#283d509da7f412c7e33bdb470a7ffdcc08ac6fc0"
  integrity sha512-Eu/I0rFnCgA6InIQ3h4jDmdUpDrGGFZH84+mN+LcVavE+j84WRGb1VNWsEWori8is7bjuM7e7twOvNxJ6rDqTw==
  dependencies:
    "@aws-sdk/types" "3.50.0"
    tslib "^2.3.0"

"@aws-sdk/is-array-buffer@3.49.0":
  version "3.49.0"
  resolved "https://registry.yarnpkg.com/@aws-sdk/is-array-buffer/-/is-array-buffer-3.49.0.tgz#5bd79e83f8dd77d6a25c645aa3725beb38c5855f"
  integrity sha512-tLba+xvlm1+aAnv+bGieVZo8DCENbqfS9kLf/hp+9hrUSiNAsxs9Pqi34JBpMKGn6h9qORp6f8ClRS+gK8yvWg==
  dependencies:
    tslib "^2.3.0"

"@aws-sdk/middleware-content-length@3.50.0":
  version "3.50.0"
  resolved "https://registry.yarnpkg.com/@aws-sdk/middleware-content-length/-/middleware-content-length-3.50.0.tgz#25e5d2996f2118c66a4c59ea4ead014c46405388"
  integrity sha512-vMvE4qFuquNApbJhJx2AFTlw8/XzhVthemUsPr5+/Np11ns5NdeNPOEg3DtA5kViLEk9p/mqHRBwzp5ef40xaw==
  dependencies:
    "@aws-sdk/protocol-http" "3.50.0"
    "@aws-sdk/types" "3.50.0"
    tslib "^2.3.0"

"@aws-sdk/middleware-host-header@3.50.0":
  version "3.50.0"
  resolved "https://registry.yarnpkg.com/@aws-sdk/middleware-host-header/-/middleware-host-header-3.50.0.tgz#1e71c277aebb44568911a27e4d9525e831309921"
  integrity sha512-y9n6o7PdGP608KuxJ4p3u6kcVVoG2cS1lF5e23s0ZfdtRvXHPjMDmfjBZRl4UQyZBQezKjIUcdX411j5lklcJA==
  dependencies:
    "@aws-sdk/protocol-http" "3.50.0"
    "@aws-sdk/types" "3.50.0"
    tslib "^2.3.0"

"@aws-sdk/middleware-logger@3.50.0":
  version "3.50.0"
  resolved "https://registry.yarnpkg.com/@aws-sdk/middleware-logger/-/middleware-logger-3.50.0.tgz#68df0f9268c9c1eb65269b733e610001b0493960"
  integrity sha512-kAEyl3wmFz3NgUvqC5bqiIWNV72sIuxqIWVeDWk3bAQylXAEa1kGaCgxNtY7Toz1dXk4rKagSa/hSIGNwgMm4A==
  dependencies:
    "@aws-sdk/types" "3.50.0"
    tslib "^2.3.0"

"@aws-sdk/middleware-retry@3.51.0":
  version "3.51.0"
  resolved "https://registry.yarnpkg.com/@aws-sdk/middleware-retry/-/middleware-retry-3.51.0.tgz#7476c51c90317d9587d9ec1b86e7c7ae70a8c7d9"
  integrity sha512-MhQoNoem3K077z6SoW+sAAKrmTz6pF8Dx5JWUAr+kzazaMGV0sCCqG8B1Uc7i13yQ7cBSTS3UWjXy5XpQxd9KQ==
  dependencies:
    "@aws-sdk/protocol-http" "3.50.0"
    "@aws-sdk/service-error-classification" "3.50.0"
    "@aws-sdk/types" "3.50.0"
    tslib "^2.3.0"
    uuid "^8.3.2"

"@aws-sdk/middleware-sdk-sts@3.50.0":
  version "3.50.0"
  resolved "https://registry.yarnpkg.com/@aws-sdk/middleware-sdk-sts/-/middleware-sdk-sts-3.50.0.tgz#3eaf10da841eef027b3e7b3bf81cef4247da1e26"
  integrity sha512-o0SqaYs8TrPkm4G356GY9gucvwI2gCMxw7MAhm0tmfQu8ZL4RyNzsnGZmhgFbmpw59vJ9RxIAA8zwiKR2gI9lw==
  dependencies:
    "@aws-sdk/middleware-signing" "3.50.0"
    "@aws-sdk/property-provider" "3.50.0"
    "@aws-sdk/protocol-http" "3.50.0"
    "@aws-sdk/signature-v4" "3.50.0"
    "@aws-sdk/types" "3.50.0"
    tslib "^2.3.0"

"@aws-sdk/middleware-serde@3.50.0":
  version "3.50.0"
  resolved "https://registry.yarnpkg.com/@aws-sdk/middleware-serde/-/middleware-serde-3.50.0.tgz#a092a52aaceec02e81d30241ae8d8c43ed5452c3"
  integrity sha512-z8u2/setFnkjyh5jVNjZuwSjJRRZoE1JbueVqXj7HKVRBUcaofwutSi6C5e7Vtfr2Q+n/yTF5sUX9gcuPgTU0A==
  dependencies:
    "@aws-sdk/types" "3.50.0"
    tslib "^2.3.0"

"@aws-sdk/middleware-signing@3.50.0":
  version "3.50.0"
  resolved "https://registry.yarnpkg.com/@aws-sdk/middleware-signing/-/middleware-signing-3.50.0.tgz#c2cf8fdbd810fbce6ee7f5a5e80197f18ebf3526"
  integrity sha512-sokzKMuMCBGZJki5i0fO8F7QIlb7AjzQZ0585QD11HFQvt1v2uVTfKQ0rhJ90ayR+tDKTdv2iF2JTOVaMTkYlQ==
  dependencies:
    "@aws-sdk/property-provider" "3.50.0"
    "@aws-sdk/protocol-http" "3.50.0"
    "@aws-sdk/signature-v4" "3.50.0"
    "@aws-sdk/types" "3.50.0"
    tslib "^2.3.0"

"@aws-sdk/middleware-stack@3.50.0":
  version "3.50.0"
  resolved "https://registry.yarnpkg.com/@aws-sdk/middleware-stack/-/middleware-stack-3.50.0.tgz#66751a9f5fe34ce760600744f0a22b8b00b536cd"
  integrity sha512-bnWnNz/KWMI0DT7neTV08oDyGEa4FUUpVS3xtL0JpYuUT8+k+9NlaR3DW5hWzKWKOXAV9LVx5GTyetZjXtwp/A==
  dependencies:
    tslib "^2.3.0"

"@aws-sdk/middleware-user-agent@3.50.0":
  version "3.50.0"
  resolved "https://registry.yarnpkg.com/@aws-sdk/middleware-user-agent/-/middleware-user-agent-3.50.0.tgz#1436af0e22352969cbb141fc19ba4c34ed631775"
  integrity sha512-djHWGzHyXNwJVTGEJ3xKNXr3s0XKfnVLq+B+isqNvR2Z42XdXd/ke1xZ+ZLcwO6dfZ5D7oUPtYJHTmBAZet3aQ==
  dependencies:
    "@aws-sdk/protocol-http" "3.50.0"
    "@aws-sdk/types" "3.50.0"
    tslib "^2.3.0"

"@aws-sdk/node-config-provider@3.51.0":
  version "3.51.0"
  resolved "https://registry.yarnpkg.com/@aws-sdk/node-config-provider/-/node-config-provider-3.51.0.tgz#994a9d2ed9f5c178df885df265f6baaa8c54c0f8"
  integrity sha512-EqZzpKNCO/wq7JF3Pc6dzlERN9TxopbYysaYhg1XvDznKXRWcEM1YL1vQJXzcDYSDu6c/alBGKEFJTqUD9WClg==
  dependencies:
    "@aws-sdk/property-provider" "3.50.0"
    "@aws-sdk/shared-ini-file-loader" "3.51.0"
    "@aws-sdk/types" "3.50.0"
    tslib "^2.3.0"

"@aws-sdk/node-http-handler@3.50.0":
  version "3.50.0"
  resolved "https://registry.yarnpkg.com/@aws-sdk/node-http-handler/-/node-http-handler-3.50.0.tgz#55c001ac665daf6665eed1e60d2b6fb24ed490fc"
  integrity sha512-k7/A8yzIyq1NEWfuv/HprJs8kHXVSLKxWRDS6aEE92wyMFs8o/B+E7MEVeuYbldvpBU0GDg8ZbAYLX2yIxQj+A==
  dependencies:
    "@aws-sdk/abort-controller" "3.50.0"
    "@aws-sdk/protocol-http" "3.50.0"
    "@aws-sdk/querystring-builder" "3.50.0"
    "@aws-sdk/types" "3.50.0"
    tslib "^2.3.0"

"@aws-sdk/property-provider@3.50.0":
  version "3.50.0"
  resolved "https://registry.yarnpkg.com/@aws-sdk/property-provider/-/property-provider-3.50.0.tgz#56154b2672916724148080466921b79f736e658e"
  integrity sha512-mY59kMP7QGNO19mxz+bAuvwEOeGwD7Dy/CeG3qGSGnEUrymjyPt31R+ptaZpE2gP5/ZEGBohbmDZag0l6sQyxg==
  dependencies:
    "@aws-sdk/types" "3.50.0"
    tslib "^2.3.0"

"@aws-sdk/protocol-http@3.50.0":
  version "3.50.0"
  resolved "https://registry.yarnpkg.com/@aws-sdk/protocol-http/-/protocol-http-3.50.0.tgz#6a6eefac4b823cb61b4e95e0f161e0bade2754cf"
  integrity sha512-o6/eoDqjNRIKq6Zp5ujS6oP/GhQRzqvEsvWgKXHMVEMPmr9jkyQEdOqs4eWQ0+eRKJYhhWU3Perd6B+8z7BC1Q==
  dependencies:
    "@aws-sdk/types" "3.50.0"
    tslib "^2.3.0"

"@aws-sdk/querystring-builder@3.50.0":
  version "3.50.0"
  resolved "https://registry.yarnpkg.com/@aws-sdk/querystring-builder/-/querystring-builder-3.50.0.tgz#6bae811684658eee845f946e891016121bf550e8"
  integrity sha512-2p9dt38qsWTo6iIdlIbsatNP8frEH0uqBcehJErX48UFhdeuRpy5E75c4Y9nRcqK2dZLpJ1ph+IiOiJEi28ZPg==
  dependencies:
    "@aws-sdk/types" "3.50.0"
    "@aws-sdk/util-uri-escape" "3.49.0"
    tslib "^2.3.0"

"@aws-sdk/querystring-parser@3.50.0":
  version "3.50.0"
  resolved "https://registry.yarnpkg.com/@aws-sdk/querystring-parser/-/querystring-parser-3.50.0.tgz#e93532bee36095484338042e015942d3f3aabad4"
  integrity sha512-7bDwE4oAT1R78s7qvQsfuzMN0mKe86wWApUe7FPBitpcxstQhTRF3w+fuAwjJCxEQ/Dq/yYzYN1BNELLCon19Q==
  dependencies:
    "@aws-sdk/types" "3.50.0"
    tslib "^2.3.0"

"@aws-sdk/service-error-classification@3.50.0":
  version "3.50.0"
  resolved "https://registry.yarnpkg.com/@aws-sdk/service-error-classification/-/service-error-classification-3.50.0.tgz#a57caec99f3176ac01805841ef54ecb11ec874f9"
  integrity sha512-w3ZrVnBfNTOH2B4SNgtGT/oUuQhNTONDgVZxDdIj0AXLEV7qAipI8bU32SMXTx1Lds7gaqysKsWw5F/Bc5MlLg==

"@aws-sdk/shared-ini-file-loader@3.51.0":
  version "3.51.0"
  resolved "https://registry.yarnpkg.com/@aws-sdk/shared-ini-file-loader/-/shared-ini-file-loader-3.51.0.tgz#cf76c10b015451af80713e644799c0f4ef7d95e6"
  integrity sha512-4BglbnyUugAis4TX2XmZdgwoKouoTo6ey9nKyXPqpF/T3T6xqw1BrV0LCtChFOEue7WxhcufAcbLiofnYV9EAA==
  dependencies:
    tslib "^2.3.0"

"@aws-sdk/signature-v4@3.50.0":
  version "3.50.0"
  resolved "https://registry.yarnpkg.com/@aws-sdk/signature-v4/-/signature-v4-3.50.0.tgz#88167352174574189a283c947d51f041a30a4b6c"
  integrity sha512-NEYqyKjq453Aqv1fBMj8bLwf/Rus6IxY1YpbeCMtZOPlTxHg9KPWd7GzjIFP4AbD1iksxqtBO+C5mFLcejYNUA==
  dependencies:
    "@aws-sdk/is-array-buffer" "3.49.0"
    "@aws-sdk/types" "3.50.0"
    "@aws-sdk/util-hex-encoding" "3.49.0"
    "@aws-sdk/util-uri-escape" "3.49.0"
    tslib "^2.3.0"

"@aws-sdk/smithy-client@3.50.0":
  version "3.50.0"
  resolved "https://registry.yarnpkg.com/@aws-sdk/smithy-client/-/smithy-client-3.50.0.tgz#4f39ff6804d0ade852e8a922e7c3202fee81206e"
  integrity sha512-0pX4GNONWS5PqJwAfJH0E3fdzvqhtfwPPhq2ZiFCx7wTir9Y3R4dKMbeeXUf7QsjZzC41Nz9/7xYsSjPsMRKAA==
  dependencies:
    "@aws-sdk/middleware-stack" "3.50.0"
    "@aws-sdk/types" "3.50.0"
    tslib "^2.3.0"

"@aws-sdk/types@3.50.0", "@aws-sdk/types@^3.1.0":
  version "3.50.0"
  resolved "https://registry.yarnpkg.com/@aws-sdk/types/-/types-3.50.0.tgz#87b7679901129f5989d7da8b44364bf6a9ff8722"
  integrity sha512-ANj9L+lR4NWWSLPkr5tRdFaw0kW0BjlDgnyNWyFrGVOHqT0MYjhCjPsH2y45G59z+b2qe+v/VsKuTyNmSvoZCA==

"@aws-sdk/url-parser@3.50.0":
  version "3.50.0"
  resolved "https://registry.yarnpkg.com/@aws-sdk/url-parser/-/url-parser-3.50.0.tgz#5ebd0acd2bec3f4addb78b4f6166a9855d932adf"
  integrity sha512-dyexaE+SJpN8Cf9nm3Uslo9eySjA9B22Mb/lw7XLgG58IxMmvj6+IjphV0/uIqj3CJ5OS7B7r5RCc5xqZwhCqg==
  dependencies:
    "@aws-sdk/querystring-parser" "3.50.0"
    "@aws-sdk/types" "3.50.0"
    tslib "^2.3.0"

"@aws-sdk/util-base64-browser@3.49.0":
  version "3.49.0"
  resolved "https://registry.yarnpkg.com/@aws-sdk/util-base64-browser/-/util-base64-browser-3.49.0.tgz#372ec36c7c8a37c3e79b6af0dc62453c57e6d343"
  integrity sha512-HFXJbsJC6AfrnO9M8KuFDo4ihvLbCbCFCfpWy0Gs4t8kTcvGqH8fIpfVsQKAtFHMmb8fen2LduOk+NNSA7srYw==
  dependencies:
    tslib "^2.3.0"

"@aws-sdk/util-base64-node@3.49.0":
  version "3.49.0"
  resolved "https://registry.yarnpkg.com/@aws-sdk/util-base64-node/-/util-base64-node-3.49.0.tgz#ac76df845ae90ca3580b8d95e9e990ec46e1b9ff"
  integrity sha512-xFAzOLZJOEZipG3KVLjB5z1g5PJSi6cmZOGWg2NC2/H5N0/Z+e5ObnIH8mpfO1d6kWchUuo3qJ6fTOvg/ynw7A==
  dependencies:
    "@aws-sdk/util-buffer-from" "3.49.0"
    tslib "^2.3.0"

"@aws-sdk/util-body-length-browser@3.49.0":
  version "3.49.0"
  resolved "https://registry.yarnpkg.com/@aws-sdk/util-body-length-browser/-/util-body-length-browser-3.49.0.tgz#8a8ad5c93ac8ed2767434454a872912829775bff"
  integrity sha512-4a9Bw33JGKefaZDORlosQRMKxJGEYEiDD5kgNvwIv+KRl5yj2unePia6aFWMqXTWqidOb9WVlqc0Lh73ei5pTg==
  dependencies:
    tslib "^2.3.0"

"@aws-sdk/util-body-length-node@3.49.0":
  version "3.49.0"
  resolved "https://registry.yarnpkg.com/@aws-sdk/util-body-length-node/-/util-body-length-node-3.49.0.tgz#572201e3669cfed98917763a3f099bf0a34ce1a6"
  integrity sha512-ME5Sc8jo9BzToUjWskQKZM/NqN9PpwRDTOSH6EISDBUiH5bhWfY8MLkZqIN2UZz/XOiV3yOeWAU+fMYNnGdAQQ==
  dependencies:
    tslib "^2.3.0"

"@aws-sdk/util-buffer-from@3.49.0":
  version "3.49.0"
  resolved "https://registry.yarnpkg.com/@aws-sdk/util-buffer-from/-/util-buffer-from-3.49.0.tgz#128a44f94d4e4676461d441e4da81be94a5c17fc"
  integrity sha512-8JbIPYn91f+16QpDk000PdIBlBZu8/SoL1nF2fpAJ+M98jXpKUws3oiCztJ2FPIKRe/3ikKuZM4HxWrDyJa40Q==
  dependencies:
    "@aws-sdk/is-array-buffer" "3.49.0"
    tslib "^2.3.0"

"@aws-sdk/util-config-provider@3.49.0":
  version "3.49.0"
  resolved "https://registry.yarnpkg.com/@aws-sdk/util-config-provider/-/util-config-provider-3.49.0.tgz#bfe46ac5559c65fe9443e26d9510abc2584a4d1c"
  integrity sha512-oVGT9q9UIGdv9Cra4B51QNciWKYQXTlfh8oD2FgLp91NbGTIkQLvK7Pah4TbBoa5+0u/obBI07UwCVn7wphWBQ==
  dependencies:
    tslib "^2.3.0"

"@aws-sdk/util-credentials@3.51.0":
  version "3.51.0"
  resolved "https://registry.yarnpkg.com/@aws-sdk/util-credentials/-/util-credentials-3.51.0.tgz#836dbf4d470509d54eeaa95ed96d2a2f80e2fcdc"
  integrity sha512-qAvsK4etS/lRtQaJRBdJquaASvsxlcLE7eFsWHkjzzaUvuOxB98nO9GCe5J2SDbKvnexQt+PUKNpH8JyO59JPQ==
  dependencies:
    "@aws-sdk/shared-ini-file-loader" "3.51.0"
    tslib "^2.3.0"

"@aws-sdk/util-defaults-mode-browser@3.50.0":
  version "3.50.0"
  resolved "https://registry.yarnpkg.com/@aws-sdk/util-defaults-mode-browser/-/util-defaults-mode-browser-3.50.0.tgz#8864577d282a4e9ee79e1f0c460c688bd2ad580b"
  integrity sha512-W5WMC+3IHshIEK3WePHoI64B06IWqBLIxZbzlC9ewu/VDOEH0Uxt4UyQBdwh08Ip6SgLLfnG2dHWu6DaYCrepw==
  dependencies:
    "@aws-sdk/property-provider" "3.50.0"
    "@aws-sdk/types" "3.50.0"
    bowser "^2.11.0"
    tslib "^2.3.0"

"@aws-sdk/util-defaults-mode-node@3.51.0":
  version "3.51.0"
  resolved "https://registry.yarnpkg.com/@aws-sdk/util-defaults-mode-node/-/util-defaults-mode-node-3.51.0.tgz#2a2e73acd2327071f9cd231bbb8ef3fdd0a4a177"
  integrity sha512-DK58poVQyp+cnW6Udtxdc3b/2QW24kODQVWZ1pgg3jhhekb/mHLVSxtsA34OcTpoYOu78EpFdM0SmeoDJIQ3Zw==
  dependencies:
    "@aws-sdk/config-resolver" "3.51.0"
    "@aws-sdk/credential-provider-imds" "3.51.0"
    "@aws-sdk/node-config-provider" "3.51.0"
    "@aws-sdk/property-provider" "3.50.0"
    "@aws-sdk/types" "3.50.0"
    tslib "^2.3.0"

"@aws-sdk/util-hex-encoding@3.49.0":
  version "3.49.0"
  resolved "https://registry.yarnpkg.com/@aws-sdk/util-hex-encoding/-/util-hex-encoding-3.49.0.tgz#04d153679a1b14b2fecb4c38175d79b4a8fa8002"
  integrity sha512-ZbPu8Dd3Qm0BMP71FWUH7KPpZA/6izfkDlxbvHxtHdW7XYZALuJ0cVRpWGIY2fCSuA9X8Jfn60KMyjuSAuzM1w==
  dependencies:
    tslib "^2.3.0"

"@aws-sdk/util-locate-window@^3.0.0":
  version "3.49.0"
  resolved "https://registry.yarnpkg.com/@aws-sdk/util-locate-window/-/util-locate-window-3.49.0.tgz#516f45e248607493e44807a3148e0888026bf662"
  integrity sha512-ryw+t+quF1raaK0nXSplMiCVnahNLNgNDijZCFFkddGTMaCy+L4VRLYyNms3bgwt3G0BmVn9f3uyDWRSkn5sSg==
  dependencies:
    tslib "^2.3.0"

"@aws-sdk/util-uri-escape@3.49.0":
  version "3.49.0"
  resolved "https://registry.yarnpkg.com/@aws-sdk/util-uri-escape/-/util-uri-escape-3.49.0.tgz#190d7cce32ffa44e1fc6e02b0a59c65a8954bbb3"
  integrity sha512-NH7iQUYvijYZEOzZkF/QQrp8kBOA9H0Z89hR/63FDCjr1M0Cdcs1bLaFO0a0qbW9NQtoYNsMBMk7pTveDrAzTw==
  dependencies:
    tslib "^2.3.0"

"@aws-sdk/util-user-agent-browser@3.50.0":
  version "3.50.0"
  resolved "https://registry.yarnpkg.com/@aws-sdk/util-user-agent-browser/-/util-user-agent-browser-3.50.0.tgz#a2a80bb42a2e0e5d44a4ca31302ae346e03a0c5e"
  integrity sha512-QKbR/4bqq1ZAL1e+R8LHbiHPnoszBJ1rQDETj+Mu75hal7ZQ0K4MMNpNnH0tp+ZXh+i0JfUltROH37nPe4K7MQ==
  dependencies:
    "@aws-sdk/types" "3.50.0"
    bowser "^2.11.0"
    tslib "^2.3.0"

"@aws-sdk/util-user-agent-node@3.51.0":
  version "3.51.0"
  resolved "https://registry.yarnpkg.com/@aws-sdk/util-user-agent-node/-/util-user-agent-node-3.51.0.tgz#41b8f24b640504374706945965d5844c98ad3044"
  integrity sha512-ugugN/PcsqF50UhdBZe0pElJWYJ2qdc8qBpU9vq4KzgyhHJ1M7tCpo2Wjg5h0JvMoEzu9Kc1qxSN0YIW8Vct8Q==
  dependencies:
    "@aws-sdk/node-config-provider" "3.51.0"
    "@aws-sdk/types" "3.50.0"
    tslib "^2.3.0"

"@aws-sdk/util-utf8-browser@3.49.0", "@aws-sdk/util-utf8-browser@^3.0.0":
  version "3.49.0"
  resolved "https://registry.yarnpkg.com/@aws-sdk/util-utf8-browser/-/util-utf8-browser-3.49.0.tgz#d98f19098cc8072214237e749e64d41bb88c598d"
  integrity sha512-u9ZgAiTWX9yZFQ/ptlnVpYJ/rXF7aE2Wagar1IjhZrnxXbpVJvcX1EeRayxI1P5AAp2y2fiEKHZzX9ugTwOcEg==
  dependencies:
    tslib "^2.3.0"

"@aws-sdk/util-utf8-node@3.49.0":
  version "3.49.0"
  resolved "https://registry.yarnpkg.com/@aws-sdk/util-utf8-node/-/util-utf8-node-3.49.0.tgz#f1ae484e949de248278cdfa11df09287129a124e"
  integrity sha512-QTF5b5OT2y6xsQl8sDiiXqg2n/VtgqFA+tP3WMooOSFd/ZFBbT6HoiSHXHMeTjpB/L9ZT+eUaCoBz8Jq09lBDg==
  dependencies:
    "@aws-sdk/util-buffer-from" "3.49.0"
    tslib "^2.3.0"

"@aws-sdk/util-waiter@3.50.0":
  version "3.50.0"
  resolved "https://registry.yarnpkg.com/@aws-sdk/util-waiter/-/util-waiter-3.50.0.tgz#b7a4b5d9b3cd8efe7698f46bbb04a6ccab7427f6"
  integrity sha512-dLDLUFGx8yTpX90TOo0tOQ+0fwp4LZHHoZmvM+O2OmcCUq/Yl+Esk0FkWMVjAQuMacsvUHX8kH04tia20wMUDQ==
  dependencies:
    "@aws-sdk/abort-controller" "3.50.0"
    "@aws-sdk/types" "3.50.0"
    tslib "^2.3.0"

"@discordjs/builders@^0.11.0":
  version "0.11.0"
  resolved "https://registry.yarnpkg.com/@discordjs/builders/-/builders-0.11.0.tgz#4102abe3e0cd093501f3f71931df43eb92f5b0cc"
  integrity sha512-ZTB8yJdJKrKlq44dpWkNUrAtEJEq0gqpb7ASdv4vmq6/mZal5kOv312hQ56I/vxwMre+VIkoHquNUAfnTbiYtg==
  dependencies:
    "@sindresorhus/is" "^4.2.0"
    discord-api-types "^0.26.0"
    ts-mixer "^6.0.0"
    tslib "^2.3.1"
    zod "^3.11.6"

"@discordjs/collection@^0.4.0":
  version "0.4.0"
  resolved "https://registry.yarnpkg.com/@discordjs/collection/-/collection-0.4.0.tgz#b6488286a1cc7b41b644d7e6086f25a1c1e6f837"
  integrity sha512-zmjq+l/rV35kE6zRrwe8BHqV78JvIh2ybJeZavBi5NySjWXqN3hmmAKg7kYMMXSeiWtSsMoZ/+MQi0DiQWy2lw==

"@hey-amplify/bank@*":
  version "0.1.0"
  resolved "http://localhost:4000/@hey-amplify%2fbank/-/bank-0.1.0.tgz#f844459f6b002b5388286e4a616937fa8acd1576"
  integrity sha512-uDlSx8q7Nfz8ur1eUkK7KZ7UcG+oluWTgXLUh9ZCNovOyN4y43izEw1jHI2VCK8r0BXAz72uYOdUwK+SLg5MQg==
  dependencies:
    "@hey-amplify/command-giverole" "*"
    "@hey-amplify/command-static" "*"

"@hey-amplify/command-giverole@*":
  version "0.1.0"
  resolved "http://localhost:4000/@hey-amplify%2fcommand-giverole/-/command-giverole-0.1.0.tgz#694a356ed4479b59bae8490b61c8d3d8051a920e"
  integrity sha512-wJuwZoj6Bc0PntRl/cXSOdbFVezfhJCoqPus287biW5HXqbgxGpLgRVGHwowqwoX51+QHSFoATBLxCc9J6zmAg==
  dependencies:
    "@hey-amplify/discord" "*"

"@hey-amplify/command-static@*":
  version "0.1.0"
  resolved "http://localhost:4000/@hey-amplify%2fcommand-static/-/command-static-0.1.0.tgz#4e8ad9bdd387b83611113667c0aa225b7e90ace4"
  integrity sha512-6fHoZT7PtX8CLZWaApNs5cMWR9sgcSbtKUjxBHFxj2T8/Z7Ict3BTMuHBLXBrMPXXs4u+bW5H3VQO3d++9Hnpw==

"@hey-amplify/discord@*":
  version "0.1.0"
  resolved "http://localhost:4000/@hey-amplify%2fdiscord/-/discord-0.1.0.tgz#6f1a85719db1eb591536e0d376015b92e987317a"
  integrity sha512-qt59jo7bAnp/b5Zj353J7k4mx3bE6SiCCwUNpCACiD0Y4N6yYnhU2Lr4pYBwUOuYNPQlO3F2PovJfA9niDqGWA==
  dependencies:
    "@hey-amplify/bank" "*"
    node-fetch "^2.6.6"
    tweetnacl "^1.0.3"

"@hey-amplify/discord@^0.2.2":
  version "0.2.2"
  resolved "http://localhost:4000/@hey-amplify%2fdiscord/-/discord-0.2.2.tgz#d87bf3a8f86e6a7583ab764af905033ad246cccd"
  integrity sha512-7mIJM5IWm3e9RwjLIEYMob+rxA7wXMyKHyRUYF5PRD/i4Hxq4Ly86CRBzA8G1Tgh9GfmOmCp37m3/CORIh5gAQ==
  dependencies:
    "@hey-amplify/bank" "*"
    discord-api-types "^0.26.1"
    discord.js "^13.6.0"
    node-fetch "^2.6.6"
    tweetnacl "^1.0.3"

"@sapphire/async-queue@^1.1.9":
  version "1.2.0"
  resolved "https://registry.yarnpkg.com/@sapphire/async-queue/-/async-queue-1.2.0.tgz#7a56afd318101d338433d7180ebd6af349243268"
  integrity sha512-O5ND5Ljpef86X5oy8zXorQ754TMjWALcPSAgPBu4+76HLtDTrNoDyzU2uGE2G4A8Wv51u0MXHzGQ0WZ4GMtpIw==

"@sindresorhus/is@^4.2.0":
  version "4.4.0"
  resolved "https://registry.yarnpkg.com/@sindresorhus/is/-/is-4.4.0.tgz#e277e5bdbdf7cb1e20d320f02f5e2ed113cd3185"
  integrity sha512-QppPM/8l3Mawvh4rn9CNEYIU9bxpXUCRMaX9yUpvBk1nMKusLKpfXGDEKExKaPhLzcn3lzil7pR6rnJ11HgeRQ==

"@types/aws-lambda@^8.10.92":
  version "8.10.92"
  resolved "https://registry.yarnpkg.com/@types/aws-lambda/-/aws-lambda-8.10.92.tgz#645f769ff88b8eba1acd35542695ac322c7757c4"
  integrity sha512-dB14TltT1SNq73z3MaZfKyyBZ37NAgAFl8jze59bisR4fJ6pB6AYGxItHFkooZbN7UcVJX/cFudM4p8wp1W4rA==

"@types/node-fetch@^2.5.12":
  version "2.5.12"
  resolved "https://registry.yarnpkg.com/@types/node-fetch/-/node-fetch-2.5.12.tgz#8a6f779b1d4e60b7a57fb6fd48d84fb545b9cc66"
  integrity sha512-MKgC4dlq4kKNa/mYrwpKfzQMB5X3ee5U6fSprkKpToBqBmX4nFZL9cW5jl6sWn+xpRJ7ypWh2yyqqr8UUCstSw==
  dependencies:
    "@types/node" "*"
    form-data "^3.0.0"

"@types/node@*":
  version "17.0.17"
  resolved "https://registry.yarnpkg.com/@types/node/-/node-17.0.17.tgz#a8ddf6e0c2341718d74ee3dc413a13a042c45a0c"
  integrity sha512-e8PUNQy1HgJGV3iU/Bp2+D/DXh3PYeyli8LgIwsQcs1Ar1LoaWHSIT6Rw+H2rNJmiq6SNWiDytfx8+gYj7wDHw==

"@types/ws@^8.2.2":
  version "8.2.2"
  resolved "https://registry.yarnpkg.com/@types/ws/-/ws-8.2.2.tgz#7c5be4decb19500ae6b3d563043cd407bf366c21"
  integrity sha512-NOn5eIcgWLOo6qW8AcuLZ7G8PycXu0xTxxkS6Q18VWFxgPUSOwV0pBj2a/4viNZVu25i7RIB7GttdkAIUUXOOg==
  dependencies:
    "@types/node" "*"

asynckit@^0.4.0:
  version "0.4.0"
  resolved "https://registry.yarnpkg.com/asynckit/-/asynckit-0.4.0.tgz#c79ed97f7f34cb8f2ba1bc9790bcc366474b4b79"
  integrity sha1-x57Zf380y48robyXkLzDZkdLS3k=

bowser@^2.11.0:
  version "2.11.0"
  resolved "https://registry.yarnpkg.com/bowser/-/bowser-2.11.0.tgz#5ca3c35757a7aa5771500c70a73a9f91ef420a8f"
  integrity sha512-AlcaJBi/pqqJBIQ8U9Mcpc9i8Aqxn88Skv5d+xBX006BY5u8N3mGLHa5Lgppa7L/HfwgwLgZ6NYs+Ag6uUmJRA==

combined-stream@^1.0.8:
  version "1.0.8"
  resolved "https://registry.yarnpkg.com/combined-stream/-/combined-stream-1.0.8.tgz#c3d45a8b34fd730631a110a8a2520682b31d5a7f"
  integrity sha512-FQN4MRfuJeHf7cBbBMJFXhKSDq+2kAArBlmRBvcvFE5BB1HZKXtSFASDhdlz9zOYwxh8lDdnvmMOe/+5cdoEdg==
  dependencies:
    delayed-stream "~1.0.0"

delayed-stream@~1.0.0:
  version "1.0.0"
  resolved "https://registry.yarnpkg.com/delayed-stream/-/delayed-stream-1.0.0.tgz#df3ae199acadfb7d440aaae0b29e2272b24ec619"
  integrity sha1-3zrhmayt+31ECqrgsp4icrJOxhk=

discord-api-types@^0.26.0, discord-api-types@^0.26.1:
  version "0.26.1"
  resolved "https://registry.yarnpkg.com/discord-api-types/-/discord-api-types-0.26.1.tgz#726f766ddc37d60da95740991d22cb6ef2ed787b"
  integrity sha512-T5PdMQ+Y1MEECYMV5wmyi9VEYPagEDEi4S0amgsszpWY0VB9JJ/hEvM6BgLhbdnKky4gfmZEXtEEtojN8ZKJQQ==

discord.js@^13.6.0:
  version "13.6.0"
  resolved "https://registry.yarnpkg.com/discord.js/-/discord.js-13.6.0.tgz#d8a8a591dbf25cbcf9c783d5ddf22c4694860475"
  integrity sha512-tXNR8zgsEPxPBvGk3AQjJ9ljIIC6/LOPjzKwpwz8Y1Q2X66Vi3ZqFgRHYwnHKC0jC0F+l4LzxlhmOJsBZDNg9g==
  dependencies:
    "@discordjs/builders" "^0.11.0"
    "@discordjs/collection" "^0.4.0"
    "@sapphire/async-queue" "^1.1.9"
    "@types/node-fetch" "^2.5.12"
    "@types/ws" "^8.2.2"
    discord-api-types "^0.26.0"
    form-data "^4.0.0"
    node-fetch "^2.6.1"
    ws "^8.4.0"

entities@2.2.0:
  version "2.2.0"
  resolved "https://registry.yarnpkg.com/entities/-/entities-2.2.0.tgz#098dc90ebb83d8dffa089d55256b351d34c4da55"
  integrity sha512-p92if5Nz619I0w+akJrLZH0MX0Pb5DX39XOwQTtXSdQQOaYH03S1uIQp4mhOZtAXrxq4ViO67YTiLBo2638o9A==

fast-xml-parser@3.19.0:
  version "3.19.0"
  resolved "https://registry.yarnpkg.com/fast-xml-parser/-/fast-xml-parser-3.19.0.tgz#cb637ec3f3999f51406dd8ff0e6fc4d83e520d01"
  integrity sha512-4pXwmBplsCPv8FOY1WRakF970TjNGnGnfbOnLqjlYvMiF1SR3yOHyxMR/YCXpPTOspNF5gwudqktIP4VsWkvBg==

form-data@^3.0.0:
  version "3.0.1"
  resolved "https://registry.yarnpkg.com/form-data/-/form-data-3.0.1.tgz#ebd53791b78356a99af9a300d4282c4d5eb9755f"
  integrity sha512-RHkBKtLWUVwd7SqRIvCZMEvAMoGUp0XU+seQiZejj0COz3RI3hWP4sCv3gZWWLjJTd7rGwcsF5eKZGii0r/hbg==
  dependencies:
    asynckit "^0.4.0"
    combined-stream "^1.0.8"
    mime-types "^2.1.12"

form-data@^4.0.0:
  version "4.0.0"
  resolved "https://registry.yarnpkg.com/form-data/-/form-data-4.0.0.tgz#93919daeaf361ee529584b9b31664dc12c9fa452"
  integrity sha512-ETEklSGi5t0QMZuiXoA/Q6vcnxcLQP5vdugSpuAyi6SVGi2clPPp+xgEhuMaHC+zGgn31Kd235W35f7Hykkaww==
  dependencies:
    asynckit "^0.4.0"
    combined-stream "^1.0.8"
    mime-types "^2.1.12"

mime-db@1.51.0:
  version "1.51.0"
  resolved "https://registry.yarnpkg.com/mime-db/-/mime-db-1.51.0.tgz#d9ff62451859b18342d960850dc3cfb77e63fb0c"
  integrity sha512-5y8A56jg7XVQx2mbv1lu49NR4dokRnhZYTtL+KGfaa27uq4pSTXkwQkFJl4pkRMyNFz/EtYDSkiiEHx3F7UN6g==

mime-types@^2.1.12:
  version "2.1.34"
  resolved "https://registry.yarnpkg.com/mime-types/-/mime-types-2.1.34.tgz#5a712f9ec1503511a945803640fafe09d3793c24"
  integrity sha512-6cP692WwGIs9XXdOO4++N+7qjqv0rqxxVvJ3VHPh/Sc9mVZcQP+ZGhkKiTvWMQRr2tbHkJP/Yn7Y0npb3ZBs4A==
  dependencies:
    mime-db "1.51.0"

node-fetch@^2.6.1:
  version "2.6.7"
  resolved "https://registry.yarnpkg.com/node-fetch/-/node-fetch-2.6.7.tgz#24de9fba827e3b4ae44dc8b20256a379160052ad"
  integrity sha512-ZjMPFEfVx5j+y2yF35Kzx5sF7kDzxuDj6ziH4FFbOp87zKDZNx8yExJIb05OGF4Nlt9IHFIMBkRl41VdvcNdbQ==
  dependencies:
    whatwg-url "^5.0.0"

node-fetch@^2.6.6:
  version "2.6.6"
  resolved "https://registry.yarnpkg.com/node-fetch/-/node-fetch-2.6.6.tgz#1751a7c01834e8e1697758732e9efb6eeadfaf89"
  integrity sha512-Z8/6vRlTUChSdIgMa51jxQ4lrw/Jy5SOW10ObaA47/RElsAN2c5Pn8bTgFGWn/ibwzXTE8qwr1Yzx28vsecXEA==
  dependencies:
    whatwg-url "^5.0.0"

tr46@~0.0.3:
  version "0.0.3"
  resolved "https://registry.yarnpkg.com/tr46/-/tr46-0.0.3.tgz#8184fd347dac9cdc185992f3a6622e14b9d9ab6a"
  integrity sha1-gYT9NH2snNwYWZLzpmIuFLnZq2o=

ts-mixer@^6.0.0:
  version "6.0.0"
  resolved "https://registry.yarnpkg.com/ts-mixer/-/ts-mixer-6.0.0.tgz#4e631d3a36e3fa9521b973b132e8353bc7267f9f"
  integrity sha512-nXIb1fvdY5CBSrDIblLn73NW0qRDk5yJ0Sk1qPBF560OdJfQp9jhl+0tzcY09OZ9U+6GpeoI9RjwoIKFIoB9MQ==

tslib@^1.11.1:
  version "1.14.1"
  resolved "https://registry.yarnpkg.com/tslib/-/tslib-1.14.1.tgz#cf2d38bdc34a134bcaf1091c41f6619e2f672d00"
  integrity sha512-Xni35NKzjgMrwevysHTCArtLDpPvye8zV/0E4EyYn43P7/7qvQwPh9BGkHewbMulVntbigmcT7rdX3BNo9wRJg==

tslib@^2.3.0, tslib@^2.3.1:
  version "2.3.1"
  resolved "https://registry.yarnpkg.com/tslib/-/tslib-2.3.1.tgz#e8a335add5ceae51aa261d32a490158ef042ef01"
  integrity sha512-77EbyPPpMz+FRFRuAFlWMtmgUWGe9UOG2Z25NqCwiIjRhOf5iKGuzSe5P2w1laq+FkRy4p+PCuVkJSGkzTEKVw==

tweetnacl@^1.0.3:
  version "1.0.3"
  resolved "https://registry.yarnpkg.com/tweetnacl/-/tweetnacl-1.0.3.tgz#ac0af71680458d8a6378d0d0d050ab1407d35596"
  integrity sha512-6rt+RN7aOi1nGMyC4Xa5DdYiukl2UWCbcJft7YhxReBGQD7OAM8Pbxw6YMo4r2diNEA8FEmu32YOn9rhaiE5yw==

uuid@^8.3.2:
  version "8.3.2"
  resolved "https://registry.yarnpkg.com/uuid/-/uuid-8.3.2.tgz#80d5b5ced271bb9af6c445f21a1a04c606cefbe2"
  integrity sha512-+NYs2QeMWy+GWFOEm9xnn6HCDp0l7QBD7ml8zLUmJ+93Q5NF0NocErnwkTkXVFNiX3/fpC6afS8Dhb/gz7R7eg==

webidl-conversions@^3.0.0:
  version "3.0.1"
  resolved "https://registry.yarnpkg.com/webidl-conversions/-/webidl-conversions-3.0.1.tgz#24534275e2a7bc6be7bc86611cc16ae0a5654871"
  integrity sha1-JFNCdeKnvGvnvIZhHMFq4KVlSHE=

whatwg-url@^5.0.0:
  version "5.0.0"
  resolved "https://registry.yarnpkg.com/whatwg-url/-/whatwg-url-5.0.0.tgz#966454e8765462e37644d3626f6742ce8b70965d"
  integrity sha1-lmRU6HZUYuN2RNNib2dCzotwll0=
  dependencies:
    tr46 "~0.0.3"
    webidl-conversions "^3.0.0"

ws@^8.4.0:
  version "8.5.0"
  resolved "https://registry.yarnpkg.com/ws/-/ws-8.5.0.tgz#bfb4be96600757fe5382de12c670dab984a1ed4f"
  integrity sha512-BWX0SWVgLPzYwF8lTzEy1egjhS4S4OEAHfsO8o65WOVsrnSRGaSiUaa9e0ggGlkMTtBlmOpEXiie9RUcBO86qg==

zod@^3.11.6:
  version "3.11.6"
  resolved "https://registry.yarnpkg.com/zod/-/zod-3.11.6.tgz#e43a5e0c213ae2e02aefe7cb2b1a6fa3d7f1f483"
  integrity sha512-daZ80A81I3/9lIydI44motWe6n59kRBfNzTuS2bfzVh1nAXi667TOTWWtatxyG+fwgNUiagSj/CWZwRRbevJIg==
